// !$*UTF8*$!
{
	archiveVersion = 1;
	classes = {
	};
	objectVersion = 46;
	objects = {

/* Begin PBXBuildFile section */
		CC2EEA591D0EE94A00BDE1E7 /* AppDelegate.swift in Sources */ = {isa = PBXBuildFile; fileRef = CC2EEA581D0EE94A00BDE1E7 /* AppDelegate.swift */; };
		CC2EEA5B1D0EE94A00BDE1E7 /* WalksViewController.swift in Sources */ = {isa = PBXBuildFile; fileRef = CC2EEA5A1D0EE94A00BDE1E7 /* WalksViewController.swift */; };
		CC2EEA5D1D0EE94A00BDE1E7 /* ClientsViewController.swift in Sources */ = {isa = PBXBuildFile; fileRef = CC2EEA5C1D0EE94A00BDE1E7 /* ClientsViewController.swift */; };
		CC2EEA601D0EE94A00BDE1E7 /* Main.storyboard in Resources */ = {isa = PBXBuildFile; fileRef = CC2EEA5E1D0EE94A00BDE1E7 /* Main.storyboard */; };
		CC2EEA651D0EE94A00BDE1E7 /* LaunchScreen.storyboard in Resources */ = {isa = PBXBuildFile; fileRef = CC2EEA631D0EE94A00BDE1E7 /* LaunchScreen.storyboard */; };
		CC2EEA6D1D0EEAF100BDE1E7 /* DogsViewController.swift in Sources */ = {isa = PBXBuildFile; fileRef = CC2EEA6C1D0EEAF100BDE1E7 /* DogsViewController.swift */; };
		CC2EEA6F1D0EEFC500BDE1E7 /* Media.xcassets in Resources */ = {isa = PBXBuildFile; fileRef = CC2EEA6E1D0EEFC500BDE1E7 /* Media.xcassets */; };
		CC2EEA751D0EF2C300BDE1E7 /* Walkies.xcdatamodel in Sources */ = {isa = PBXBuildFile; fileRef = CC2EEA741D0EF2C300BDE1E7 /* Walkies.xcdatamodel */; };
/* End PBXBuildFile section */

/* Begin PBXFileReference section */
		CC2EEA551D0EE94A00BDE1E7 /* Walkies2ElectricBoogaloo.app */ = {isa = PBXFileReference; explicitFileType = wrapper.application; includeInIndex = 0; path = Walkies2ElectricBoogaloo.app; sourceTree = BUILT_PRODUCTS_DIR; };
		CC2EEA581D0EE94A00BDE1E7 /* AppDelegate.swift */ = {isa = PBXFileReference; lastKnownFileType = sourcecode.swift; path = AppDelegate.swift; sourceTree = "<group>"; };
		CC2EEA5A1D0EE94A00BDE1E7 /* WalksViewController.swift */ = {isa = PBXFileReference; lastKnownFileType = sourcecode.swift; path = WalksViewController.swift; sourceTree = "<group>"; };
		CC2EEA5C1D0EE94A00BDE1E7 /* ClientsViewController.swift */ = {isa = PBXFileReference; lastKnownFileType = sourcecode.swift; path = ClientsViewController.swift; sourceTree = "<group>"; };
		CC2EEA5F1D0EE94A00BDE1E7 /* Base */ = {isa = PBXFileReference; lastKnownFileType = file.storyboard; name = Base; path = Base.lproj/Main.storyboard; sourceTree = "<group>"; };
		CC2EEA641D0EE94A00BDE1E7 /* Base */ = {isa = PBXFileReference; lastKnownFileType = file.storyboard; name = Base; path = Base.lproj/LaunchScreen.storyboard; sourceTree = "<group>"; };
		CC2EEA661D0EE94A00BDE1E7 /* Info.plist */ = {isa = PBXFileReference; lastKnownFileType = text.plist.xml; path = Info.plist; sourceTree = "<group>"; };
		CC2EEA6C1D0EEAF100BDE1E7 /* DogsViewController.swift */ = {isa = PBXFileReference; fileEncoding = 4; lastKnownFileType = sourcecode.swift; path = DogsViewController.swift; sourceTree = "<group>"; };
		CC2EEA6E1D0EEFC500BDE1E7 /* Media.xcassets */ = {isa = PBXFileReference; lastKnownFileType = folder.assetcatalog; name = Media.xcassets; path = ../Media.xcassets; sourceTree = "<group>"; };
		CC2EEA741D0EF2C300BDE1E7 /* Walkies.xcdatamodel */ = {isa = PBXFileReference; lastKnownFileType = wrapper.xcdatamodel; path = Walkies.xcdatamodel; sourceTree = "<group>"; };
/* End PBXFileReference section */

/* Begin PBXFrameworksBuildPhase section */
		CC2EEA521D0EE94A00BDE1E7 /* Frameworks */ = {
			isa = PBXFrameworksBuildPhase;
			buildActionMask = 2147483647;
			files = (
			);
			runOnlyForDeploymentPostprocessing = 0;
		};
/* End PBXFrameworksBuildPhase section */

/* Begin PBXGroup section */
		CC2EEA4C1D0EE94A00BDE1E7 = {
			isa = PBXGroup;
			children = (
				CC2EEA571D0EE94A00BDE1E7 /* Walkies2ElectricBoogaloo */,
				CC2EEA561D0EE94A00BDE1E7 /* Products */,
			);
			sourceTree = "<group>";
		};
		CC2EEA561D0EE94A00BDE1E7 /* Products */ = {
			isa = PBXGroup;
			children = (
				CC2EEA551D0EE94A00BDE1E7 /* Walkies2ElectricBoogaloo.app */,
			);
			name = Products;
			sourceTree = "<group>";
		};
		CC2EEA571D0EE94A00BDE1E7 /* Walkies2ElectricBoogaloo */ = {
			isa = PBXGroup;
			children = (
				CC2EEA581D0EE94A00BDE1E7 /* AppDelegate.swift */,
				CC2EEA5A1D0EE94A00BDE1E7 /* WalksViewController.swift */,
				CC2EEA5C1D0EE94A00BDE1E7 /* ClientsViewController.swift */,
				CC2EEA6C1D0EEAF100BDE1E7 /* DogsViewController.swift */,
				CC2EEA5E1D0EE94A00BDE1E7 /* Main.storyboard */,
				CC2EEA631D0EE94A00BDE1E7 /* LaunchScreen.storyboard */,
				CC2EEA741D0EF2C300BDE1E7 /* Walkies.xcdatamodel */,
				CC2EEA6E1D0EEFC500BDE1E7 /* Media.xcassets */,
				CC2EEA661D0EE94A00BDE1E7 /* Info.plist */,
			);
			path = Walkies2ElectricBoogaloo;
			sourceTree = "<group>";
		};
/* End PBXGroup section */

/* Begin PBXNativeTarget section */
		CC2EEA541D0EE94A00BDE1E7 /* Walkies2ElectricBoogaloo */ = {
			isa = PBXNativeTarget;
			buildConfigurationList = CC2EEA691D0EE94A00BDE1E7 /* Build configuration list for PBXNativeTarget "Walkies2ElectricBoogaloo" */;
			buildPhases = (
				CC2EEA511D0EE94A00BDE1E7 /* Sources */,
				CC2EEA521D0EE94A00BDE1E7 /* Frameworks */,
				CC2EEA531D0EE94A00BDE1E7 /* Resources */,
			);
			buildRules = (
			);
			dependencies = (
			);
			name = Walkies2ElectricBoogaloo;
			productName = Walkies2ElectricBoogaloo;
			productReference = CC2EEA551D0EE94A00BDE1E7 /* Walkies2ElectricBoogaloo.app */;
			productType = "com.apple.product-type.application";
		};
/* End PBXNativeTarget section */

/* Begin PBXProject section */
		CC2EEA4D1D0EE94A00BDE1E7 /* Project object */ = {
			isa = PBXProject;
			attributes = {
				LastSwiftUpdateCheck = 0730;
				LastUpgradeCheck = 0730;
				ORGANIZATIONNAME = "Steve Graff";
				TargetAttributes = {
					CC2EEA541D0EE94A00BDE1E7 = {
						CreatedOnToolsVersion = 7.3.1;
						DevelopmentTeam = U974956332;
					};
				};
			};
			buildConfigurationList = CC2EEA501D0EE94A00BDE1E7 /* Build configuration list for PBXProject "Walkies2ElectricBoogaloo" */;
			compatibilityVersion = "Xcode 3.2";
			developmentRegion = English;
			hasScannedForEncodings = 0;
			knownRegions = (
				en,
				Base,
			);
			mainGroup = CC2EEA4C1D0EE94A00BDE1E7;
			productRefGroup = CC2EEA561D0EE94A00BDE1E7 /* Products */;
			projectDirPath = "";
			projectRoot = "";
			targets = (
				CC2EEA541D0EE94A00BDE1E7 /* Walkies2ElectricBoogaloo */,
			);
		};
/* End PBXProject section */

/* Begin PBXResourcesBuildPhase section */
		CC2EEA531D0EE94A00BDE1E7 /* Resources */ = {
			isa = PBXResourcesBuildPhase;
			buildActionMask = 2147483647;
			files = (
				CC2EEA651D0EE94A00BDE1E7 /* LaunchScreen.storyboard in Resources */,
				CC2EEA6F1D0EEFC500BDE1E7 /* Media.xcassets in Resources */,
				CC2EEA601D0EE94A00BDE1E7 /* Main.storyboard in Resources */,
			);
			runOnlyForDeploymentPostprocessing = 0;
		};
/* End PBXResourcesBuildPhase section */

/* Begin PBXSourcesBuildPhase section */
		CC2EEA511D0EE94A00BDE1E7 /* Sources */ = {
			isa = PBXSourcesBuildPhase;
			buildActionMask = 2147483647;
			files = (
				CC2EEA5D1D0EE94A00BDE1E7 /* ClientsViewController.swift in Sources */,
				CC2EEA751D0EF2C300BDE1E7 /* Walkies.xcdatamodel in Sources */,
				CC2EEA591D0EE94A00BDE1E7 /* AppDelegate.swift in Sources */,
				CC2EEA5B1D0EE94A00BDE1E7 /* WalksViewController.swift in Sources */,
				CC2EEA6D1D0EEAF100BDE1E7 /* DogsViewController.swift in Sources */,
			);
			runOnlyForDeploymentPostprocessing = 0;
		};
/* End PBXSourcesBuildPhase section */

/* Begin PBXVariantGroup section */
		CC2EEA5E1D0EE94A00BDE1E7 /* Main.storyboard */ = {
			isa = PBXVariantGroup;
			children = (
				CC2EEA5F1D0EE94A00BDE1E7 /* Base */,
			);
			name = Main.storyboard;
			sourceTree = "<group>";
		};
		CC2EEA631D0EE94A00BDE1E7 /* LaunchScreen.storyboard */ = {
			isa = PBXVariantGroup;
			children = (
				CC2EEA641D0EE94A00BDE1E7 /* Base */,
			);
			name = LaunchScreen.storyboard;
			sourceTree = "<group>";
		};
/* End PBXVariantGroup section */

/* Begin XCBuildConfiguration section */
		CC2EEA671D0EE94A00BDE1E7 /* Debug */ = {
			isa = XCBuildConfiguration;
			buildSettings = {
				ALWAYS_SEARCH_USER_PATHS = NO;
				CLANG_ANALYZER_NONNULL = YES;
				CLANG_CXX_LANGUAGE_STANDARD = "gnu++0x";
				CLANG_CXX_LIBRARY = "libc++";
				CLANG_ENABLE_MODULES = YES;
				CLANG_ENABLE_OBJC_ARC = YES;
				CLANG_WARN_BOOL_CONVERSION = YES;
				CLANG_WARN_CONSTANT_CONVERSION = YES;
				CLANG_WARN_DIRECT_OBJC_ISA_USAGE = YES_ERROR;
				CLANG_WARN_EMPTY_BODY = YES;
				CLANG_WARN_ENUM_CONVERSION = YES;
				CLANG_WARN_INT_CONVERSION = YES;
				CLANG_WARN_OBJC_ROOT_CLASS = YES_ERROR;
				CLANG_WARN_UNREACHABLE_CODE = YES;
				CLANG_WARN__DUPLICATE_METHOD_MATCH = YES;
				"CODE_SIGN_IDENTITY[sdk=iphoneos*]" = "iPhone Developer";
				COPY_PHASE_STRIP = NO;
				DEBUG_INFORMATION_FORMAT = dwarf;
				ENABLE_STRICT_OBJC_MSGSEND = YES;
				ENABLE_TESTABILITY = YES;
				GCC_C_LANGUAGE_STANDARD = gnu99;
				GCC_DYNAMIC_NO_PIC = NO;
				GCC_NO_COMMON_BLOCKS = YES;
				GCC_OPTIMIZATION_LEVEL = 0;
				GCC_PREPROCESSOR_DEFINITIONS = (
					"DEBUG=1",
					"$(inherited)",
				);
				GCC_WARN_64_TO_32_BIT_CONVERSION = YES;
				GCC_WARN_ABOUT_RETURN_TYPE = YES_ERROR;
				GCC_WARN_UNDECLARED_SELECTOR = YES;
				GCC_WARN_UNINITIALIZED_AUTOS = YES_AGGRESSIVE;
				GCC_WARN_UNUSED_FUNCTION = YES;
				GCC_WARN_UNUSED_VARIABLE = YES;
				IPHONEOS_DEPLOYMENT_TARGET = 9.3;
				MTL_ENABLE_DEBUG_INFO = YES;
				ONLY_ACTIVE_ARCH = YES;
				SDKROOT = iphoneos;
				SWIFT_OPTIMIZATION_LEVEL = "-Onone";
				TARGETED_DEVICE_FAMILY = "1,2";
			};
			name = Debug;
		};
		CC2EEA681D0EE94A00BDE1E7 /* Release */ = {
			isa = XCBuildConfiguration;
			buildSettings = {
				ALWAYS_SEARCH_USER_PATHS = NO;
				CLANG_ANALYZER_NONNULL = YES;
				CLANG_CXX_LANGUAGE_STANDARD = "gnu++0x";
				CLANG_CXX_LIBRARY = "libc++";
				CLANG_ENABLE_MODULES = YES;
				CLANG_ENABLE_OBJC_ARC = YES;
				CLANG_WARN_BOOL_CONVERSION = YES;
				CLANG_WARN_CONSTANT_CONVERSION = YES;
				CLANG_WARN_DIRECT_OBJC_ISA_USAGE = YES_ERROR;
				CLANG_WARN_EMPTY_BODY = YES;
				CLANG_WARN_ENUM_CONVERSION = YES;
				CLANG_WARN_INT_CONVERSION = YES;
				CLANG_WARN_OBJC_ROOT_CLASS = YES_ERROR;
				CLANG_WARN_UNREACHABLE_CODE = YES;
				CLANG_WARN__DUPLICATE_METHOD_MATCH = YES;
				"CODE_SIGN_IDENTITY[sdk=iphoneos*]" = "iPhone Developer";
				COPY_PHASE_STRIP = NO;
				DEBUG_INFORMATION_FORMAT = "dwarf-with-dsym";
				ENABLE_NS_ASSERTIONS = NO;
				ENABLE_STRICT_OBJC_MSGSEND = YES;
				GCC_C_LANGUAGE_STANDARD = gnu99;
				GCC_NO_COMMON_BLOCKS = YES;
				GCC_WARN_64_TO_32_BIT_CONVERSION = YES;
				GCC_WARN_ABOUT_RETURN_TYPE = YES_ERROR;
				GCC_WARN_UNDECLARED_SELECTOR = YES;
				GCC_WARN_UNINITIALIZED_AUTOS = YES_AGGRESSIVE;
				GCC_WARN_UNUSED_FUNCTION = YES;
				GCC_WARN_UNUSED_VARIABLE = YES;
				IPHONEOS_DEPLOYMENT_TARGET = 9.3;
				MTL_ENABLE_DEBUG_INFO = NO;
				SDKROOT = iphoneos;
				TARGETED_DEVICE_FAMILY = "1,2";
				VALIDATE_PRODUCT = YES;
			};
			name = Release;
		};
		CC2EEA6A1D0EE94A00BDE1E7 /* Debug */ = {
			isa = XCBuildConfiguration;
			buildSettings = {
				ASSETCATALOG_COMPILER_LAUNCHIMAGE_NAME = "Brand Assets";
				INFOPLIST_FILE = Walkies2ElectricBoogaloo/Info.plist;
				LD_RUNPATH_SEARCH_PATHS = "$(inherited) @executable_path/Frameworks";
				PRODUCT_BUNDLE_IDENTIFIER = "Steve-Graff.Walkies2ElectricBoogaloo";
				PRODUCT_NAME = "$(TARGET_NAME)";
			};
			name = Debug;
		};
		CC2EEA6B1D0EE94A00BDE1E7 /* Release */ = {
			isa = XCBuildConfiguration;
			buildSettings = {
				ASSETCATALOG_COMPILER_LAUNCHIMAGE_NAME = "Brand Assets";
				INFOPLIST_FILE = Walkies2ElectricBoogaloo/Info.plist;
				LD_RUNPATH_SEARCH_PATHS = "$(inherited) @executable_path/Frameworks";
				PRODUCT_BUNDLE_IDENTIFIER = "Steve-Graff.Walkies2ElectricBoogaloo";
				PRODUCT_NAME = "$(TARGET_NAME)";
			};
			name = Release;
		};
/* End XCBuildConfiguration section */

/* Begin XCConfigurationList section */
		CC2EEA501D0EE94A00BDE1E7 /* Build configuration list for PBXProject "Walkies2ElectricBoogaloo" */ = {
			isa = XCConfigurationList;
			buildConfigurations = (
				CC2EEA671D0EE94A00BDE1E7 /* Debug */,
				CC2EEA681D0EE94A00BDE1E7 /* Release */,
			);
			defaultConfigurationIsVisible = 0;
			defaultConfigurationName = Release;
		};
		CC2EEA691D0EE94A00BDE1E7 /* Build configuration list for PBXNativeTarget "Walkies2ElectricBoogaloo" */ = {
			isa = XCConfigurationList;
			buildConfigurations = (
				CC2EEA6A1D0EE94A00BDE1E7 /* Debug */,
				CC2EEA6B1D0EE94A00BDE1E7 /* Release */,
			);
			defaultConfigurationIsVisible = 0;
			defaultConfigurationName = Release;
		};
/* End XCConfigurationList section */
	};
	rootObject = CC2EEA4D1D0EE94A00BDE1E7 /* Project object */;
}
