// !$*UTF8*$!
{
	archiveVersion = 1;
	classes = {
	};
	objectVersion = 46;
	objects = {

/* Begin PBXBuildFile section */
		CC1F66741D118D850062A4EA /* Walks+CoreDataProperties.swift in Sources */ = {isa = PBXBuildFile; fileRef = CC1F666E1D118D850062A4EA /* Walks+CoreDataProperties.swift */; };
		CC1F66751D118D850062A4EA /* Walks.swift in Sources */ = {isa = PBXBuildFile; fileRef = CC1F666F1D118D850062A4EA /* Walks.swift */; };
		CC1F66761D118D850062A4EA /* Clients+CoreDataProperties.swift in Sources */ = {isa = PBXBuildFile; fileRef = CC1F66701D118D850062A4EA /* Clients+CoreDataProperties.swift */; };
		CC1F66771D118D850062A4EA /* Clients.swift in Sources */ = {isa = PBXBuildFile; fileRef = CC1F66711D118D850062A4EA /* Clients.swift */; };
		CC1F66781D118D850062A4EA /* Dogs+CoreDataProperties.swift in Sources */ = {isa = PBXBuildFile; fileRef = CC1F66721D118D850062A4EA /* Dogs+CoreDataProperties.swift */; };
		CC1F66791D118D850062A4EA /* Dogs.swift in Sources */ = {isa = PBXBuildFile; fileRef = CC1F66731D118D850062A4EA /* Dogs.swift */; };
		CC1F66831D146D540062A4EA /* WalkMapViewController.swift in Sources */ = {isa = PBXBuildFile; fileRef = CC1F66821D146D540062A4EA /* WalkMapViewController.swift */; };
		CC1F66851D1492740062A4EA /* MapKit.framework in Frameworks */ = {isa = PBXBuildFile; fileRef = CC1F66841D1492740062A4EA /* MapKit.framework */; };
		CC1F66871D183C5A0062A4EA /* WalksDetailViewController.swift in Sources */ = {isa = PBXBuildFile; fileRef = CC1F66861D183C5A0062A4EA /* WalksDetailViewController.swift */; };
		CC1F66891D1848DE0062A4EA /* DogsCollectionViewCell.swift in Sources */ = {isa = PBXBuildFile; fileRef = CC1F66881D1848DE0062A4EA /* DogsCollectionViewCell.swift */; };
		CC1F668B1D1864A40062A4EA /* ClientDetailViewController.swift in Sources */ = {isa = PBXBuildFile; fileRef = CC1F668A1D1864A40062A4EA /* ClientDetailViewController.swift */; };
		CC2EEA591D0EE94A00BDE1E7 /* AppDelegate.swift in Sources */ = {isa = PBXBuildFile; fileRef = CC2EEA581D0EE94A00BDE1E7 /* AppDelegate.swift */; };
		CC2EEA5B1D0EE94A00BDE1E7 /* WalksTableViewController.swift in Sources */ = {isa = PBXBuildFile; fileRef = CC2EEA5A1D0EE94A00BDE1E7 /* WalksTableViewController.swift */; };
		CC2EEA5D1D0EE94A00BDE1E7 /* ClientsTableViewController.swift in Sources */ = {isa = PBXBuildFile; fileRef = CC2EEA5C1D0EE94A00BDE1E7 /* ClientsTableViewController.swift */; };
		CC2EEA601D0EE94A00BDE1E7 /* Main.storyboard in Resources */ = {isa = PBXBuildFile; fileRef = CC2EEA5E1D0EE94A00BDE1E7 /* Main.storyboard */; };
		CC2EEA651D0EE94A00BDE1E7 /* LaunchScreen.storyboard in Resources */ = {isa = PBXBuildFile; fileRef = CC2EEA631D0EE94A00BDE1E7 /* LaunchScreen.storyboard */; };
		CC2EEA6D1D0EEAF100BDE1E7 /* DogsTableViewController.swift in Sources */ = {isa = PBXBuildFile; fileRef = CC2EEA6C1D0EEAF100BDE1E7 /* DogsTableViewController.swift */; };
		CC2EEA6F1D0EEFC500BDE1E7 /* Media.xcassets in Resources */ = {isa = PBXBuildFile; fileRef = CC2EEA6E1D0EEFC500BDE1E7 /* Media.xcassets */; };
		CC2EEA831D0F007100BDE1E7 /* CoreData.framework in Frameworks */ = {isa = PBXBuildFile; fileRef = CC2EEA821D0F007100BDE1E7 /* CoreData.framework */; };
		CC2EEAA71D0F160900BDE1E7 /* Walkies.xcdatamodeld in Sources */ = {isa = PBXBuildFile; fileRef = CC2EEAA51D0F160900BDE1E7 /* Walkies.xcdatamodeld */; };
		CCB483011D188D0700C13F5D /* DogDetailViewController.swift in Sources */ = {isa = PBXBuildFile; fileRef = CCB483001D188D0700C13F5D /* DogDetailViewController.swift */; };
		CCB483051D19A99600C13F5D /* no_dog_photo.png in Resources */ = {isa = PBXBuildFile; fileRef = CCB483041D19A99600C13F5D /* no_dog_photo.png */; };
/* End PBXBuildFile section */

/* Begin PBXFileReference section */
		CC1F666E1D118D850062A4EA /* Walks+CoreDataProperties.swift */ = {isa = PBXFileReference; fileEncoding = 4; lastKnownFileType = sourcecode.swift; path = "Walks+CoreDataProperties.swift"; sourceTree = "<group>"; };
		CC1F666F1D118D850062A4EA /* Walks.swift */ = {isa = PBXFileReference; fileEncoding = 4; lastKnownFileType = sourcecode.swift; path = Walks.swift; sourceTree = "<group>"; };
		CC1F66701D118D850062A4EA /* Clients+CoreDataProperties.swift */ = {isa = PBXFileReference; fileEncoding = 4; lastKnownFileType = sourcecode.swift; path = "Clients+CoreDataProperties.swift"; sourceTree = "<group>"; };
		CC1F66711D118D850062A4EA /* Clients.swift */ = {isa = PBXFileReference; fileEncoding = 4; lastKnownFileType = sourcecode.swift; path = Clients.swift; sourceTree = "<group>"; };
		CC1F66721D118D850062A4EA /* Dogs+CoreDataProperties.swift */ = {isa = PBXFileReference; fileEncoding = 4; lastKnownFileType = sourcecode.swift; path = "Dogs+CoreDataProperties.swift"; sourceTree = "<group>"; };
		CC1F66731D118D850062A4EA /* Dogs.swift */ = {isa = PBXFileReference; fileEncoding = 4; lastKnownFileType = sourcecode.swift; path = Dogs.swift; sourceTree = "<group>"; };
		CC1F66821D146D540062A4EA /* WalkMapViewController.swift */ = {isa = PBXFileReference; fileEncoding = 4; lastKnownFileType = sourcecode.swift; path = WalkMapViewController.swift; sourceTree = "<group>"; };
		CC1F66841D1492740062A4EA /* MapKit.framework */ = {isa = PBXFileReference; lastKnownFileType = wrapper.framework; name = MapKit.framework; path = System/Library/Frameworks/MapKit.framework; sourceTree = SDKROOT; };
		CC1F66861D183C5A0062A4EA /* WalksDetailViewController.swift */ = {isa = PBXFileReference; fileEncoding = 4; lastKnownFileType = sourcecode.swift; path = WalksDetailViewController.swift; sourceTree = "<group>"; };
		CC1F66881D1848DE0062A4EA /* DogsCollectionViewCell.swift */ = {isa = PBXFileReference; fileEncoding = 4; lastKnownFileType = sourcecode.swift; path = DogsCollectionViewCell.swift; sourceTree = "<group>"; };
		CC1F668A1D1864A40062A4EA /* ClientDetailViewController.swift */ = {isa = PBXFileReference; fileEncoding = 4; lastKnownFileType = sourcecode.swift; path = ClientDetailViewController.swift; sourceTree = "<group>"; };
		CC2EEA551D0EE94A00BDE1E7 /* Walkies2ElectricBoogaloo.app */ = {isa = PBXFileReference; explicitFileType = wrapper.application; includeInIndex = 0; path = Walkies2ElectricBoogaloo.app; sourceTree = BUILT_PRODUCTS_DIR; };
		CC2EEA581D0EE94A00BDE1E7 /* AppDelegate.swift */ = {isa = PBXFileReference; lastKnownFileType = sourcecode.swift; path = AppDelegate.swift; sourceTree = "<group>"; };
		CC2EEA5A1D0EE94A00BDE1E7 /* WalksTableViewController.swift */ = {isa = PBXFileReference; lastKnownFileType = sourcecode.swift; path = WalksTableViewController.swift; sourceTree = "<group>"; };
		CC2EEA5C1D0EE94A00BDE1E7 /* ClientsTableViewController.swift */ = {isa = PBXFileReference; lastKnownFileType = sourcecode.swift; path = ClientsTableViewController.swift; sourceTree = "<group>"; };
		CC2EEA5F1D0EE94A00BDE1E7 /* Base */ = {isa = PBXFileReference; lastKnownFileType = file.storyboard; name = Base; path = Base.lproj/Main.storyboard; sourceTree = "<group>"; };
		CC2EEA641D0EE94A00BDE1E7 /* Base */ = {isa = PBXFileReference; lastKnownFileType = file.storyboard; name = Base; path = Base.lproj/LaunchScreen.storyboard; sourceTree = "<group>"; };
		CC2EEA661D0EE94A00BDE1E7 /* Info.plist */ = {isa = PBXFileReference; lastKnownFileType = text.plist.xml; path = Info.plist; sourceTree = "<group>"; };
		CC2EEA6C1D0EEAF100BDE1E7 /* DogsTableViewController.swift */ = {isa = PBXFileReference; fileEncoding = 4; lastKnownFileType = sourcecode.swift; path = DogsTableViewController.swift; sourceTree = "<group>"; };
		CC2EEA6E1D0EEFC500BDE1E7 /* Media.xcassets */ = {isa = PBXFileReference; lastKnownFileType = folder.assetcatalog; name = Media.xcassets; path = ../Media.xcassets; sourceTree = "<group>"; };
		CC2EEA821D0F007100BDE1E7 /* CoreData.framework */ = {isa = PBXFileReference; lastKnownFileType = wrapper.framework; name = CoreData.framework; path = System/Library/Frameworks/CoreData.framework; sourceTree = SDKROOT; };
		CC2EEAA61D0F160900BDE1E7 /* Walkies.xcdatamodel */ = {isa = PBXFileReference; lastKnownFileType = wrapper.xcdatamodel; path = Walkies.xcdatamodel; sourceTree = "<group>"; };
		CCB483001D188D0700C13F5D /* DogDetailViewController.swift */ = {isa = PBXFileReference; fileEncoding = 4; lastKnownFileType = sourcecode.swift; path = DogDetailViewController.swift; sourceTree = "<group>"; };
		CCB483041D19A99600C13F5D /* no_dog_photo.png */ = {isa = PBXFileReference; lastKnownFileType = image.png; path = no_dog_photo.png; sourceTree = "<group>"; };
/* End PBXFileReference section */

/* Begin PBXFrameworksBuildPhase section */
		CC2EEA521D0EE94A00BDE1E7 /* Frameworks */ = {
			isa = PBXFrameworksBuildPhase;
			buildActionMask = 2147483647;
			files = (
				CC1F66851D1492740062A4EA /* MapKit.framework in Frameworks */,
				CC2EEA831D0F007100BDE1E7 /* CoreData.framework in Frameworks */,
			);
			runOnlyForDeploymentPostprocessing = 0;
		};
/* End PBXFrameworksBuildPhase section */

/* Begin PBXGroup section */
		CC2EEA4C1D0EE94A00BDE1E7 = {
			isa = PBXGroup;
			children = (
				CCB483041D19A99600C13F5D /* no_dog_photo.png */,
				CC1F66841D1492740062A4EA /* MapKit.framework */,
				CC2EEA821D0F007100BDE1E7 /* CoreData.framework */,
				CC2EEA571D0EE94A00BDE1E7 /* Walkies2ElectricBoogaloo */,
				CC2EEA561D0EE94A00BDE1E7 /* Products */,
			);
			sourceTree = "<group>";
		};
		CC2EEA561D0EE94A00BDE1E7 /* Products */ = {
			isa = PBXGroup;
			children = (
				CC2EEA551D0EE94A00BDE1E7 /* Walkies2ElectricBoogaloo.app */,
			);
			name = Products;
			sourceTree = "<group>";
		};
		CC2EEA571D0EE94A00BDE1E7 /* Walkies2ElectricBoogaloo */ = {
			isa = PBXGroup;
			children = (
				CC1F666E1D118D850062A4EA /* Walks+CoreDataProperties.swift */,
				CC1F666F1D118D850062A4EA /* Walks.swift */,
				CC1F66701D118D850062A4EA /* Clients+CoreDataProperties.swift */,
				CC1F66711D118D850062A4EA /* Clients.swift */,
				CC1F66721D118D850062A4EA /* Dogs+CoreDataProperties.swift */,
				CC1F66731D118D850062A4EA /* Dogs.swift */,
				CC2EEA581D0EE94A00BDE1E7 /* AppDelegate.swift */,
				CC2EEA5A1D0EE94A00BDE1E7 /* WalksTableViewController.swift */,
				CC1F66861D183C5A0062A4EA /* WalksDetailViewController.swift */,
				CC1F66881D1848DE0062A4EA /* DogsCollectionViewCell.swift */,
				CC2EEA5C1D0EE94A00BDE1E7 /* ClientsTableViewController.swift */,
				CC1F668A1D1864A40062A4EA /* ClientDetailViewController.swift */,
				CC2EEA6C1D0EEAF100BDE1E7 /* DogsTableViewController.swift */,
				CCB483001D188D0700C13F5D /* DogDetailViewController.swift */,
				CC1F66821D146D540062A4EA /* WalkMapViewController.swift */,
				CCB483061D1D808000C13F5D /* Storyboards */,
				CC2EEAA51D0F160900BDE1E7 /* Walkies.xcdatamodeld */,
				CCB483071D1D809F00C13F5D /* Resources */,
			);
			path = Walkies2ElectricBoogaloo;
			sourceTree = "<group>";
		};
		CCB483061D1D808000C13F5D /* Storyboards */ = {
			isa = PBXGroup;
			children = (
				CC2EEA5E1D0EE94A00BDE1E7 /* Main.storyboard */,
				CC2EEA631D0EE94A00BDE1E7 /* LaunchScreen.storyboard */,
			);
			name = Storyboards;
			sourceTree = "<group>";
		};
		CCB483071D1D809F00C13F5D /* Resources */ = {
			isa = PBXGroup;
			children = (
				CC2EEA6E1D0EEFC500BDE1E7 /* Media.xcassets */,
				CC2EEA661D0EE94A00BDE1E7 /* Info.plist */,
			);
			name = Resources;
			sourceTree = "<group>";
		};
/* End PBXGroup section */

/* Begin PBXNativeTarget section */
		CC2EEA541D0EE94A00BDE1E7 /* Walkies2ElectricBoogaloo */ = {
			isa = PBXNativeTarget;
			buildConfigurationList = CC2EEA691D0EE94A00BDE1E7 /* Build configuration list for PBXNativeTarget "Walkies2ElectricBoogaloo" */;
			buildPhases = (
				CC2EEA511D0EE94A00BDE1E7 /* Sources */,
				CC2EEA521D0EE94A00BDE1E7 /* Frameworks */,
				CC2EEA531D0EE94A00BDE1E7 /* Resources */,
			);
			buildRules = (
			);
			dependencies = (
			);
			name = Walkies2ElectricBoogaloo;
			productName = Walkies2ElectricBoogaloo;
			productReference = CC2EEA551D0EE94A00BDE1E7 /* Walkies2ElectricBoogaloo.app */;
			productType = "com.apple.product-type.application";
		};
/* End PBXNativeTarget section */

/* Begin PBXProject section */
		CC2EEA4D1D0EE94A00BDE1E7 /* Project object */ = {
			isa = PBXProject;
			attributes = {
				LastSwiftUpdateCheck = 0730;
				LastUpgradeCheck = 0730;
				ORGANIZATIONNAME = "Steve Graff";
				TargetAttributes = {
					CC2EEA541D0EE94A00BDE1E7 = {
						CreatedOnToolsVersion = 7.3.1;
						DevelopmentTeam = GX5E6KYLVQ;
						SystemCapabilities = {
							com.apple.BackgroundModes = {
								enabled = 1;
							};
							com.apple.Maps.iOS = {
								enabled = 1;
							};
						};
					};
				};
			};
			buildConfigurationList = CC2EEA501D0EE94A00BDE1E7 /* Build configuration list for PBXProject "Walkies2ElectricBoogaloo" */;
			compatibilityVersion = "Xcode 3.2";
			developmentRegion = English;
			hasScannedForEncodings = 0;
			knownRegions = (
				en,
				Base,
			);
			mainGroup = CC2EEA4C1D0EE94A00BDE1E7;
			productRefGroup = CC2EEA561D0EE94A00BDE1E7 /* Products */;
			projectDirPath = "";
			projectRoot = "";
			targets = (
				CC2EEA541D0EE94A00BDE1E7 /* Walkies2ElectricBoogaloo */,
			);
		};
/* End PBXProject section */

/* Begin PBXResourcesBuildPhase section */
		CC2EEA531D0EE94A00BDE1E7 /* Resources */ = {
			isa = PBXResourcesBuildPhase;
			buildActionMask = 2147483647;
			files = (
				CC2EEA651D0EE94A00BDE1E7 /* LaunchScreen.storyboard in Resources */,
				CC2EEA6F1D0EEFC500BDE1E7 /* Media.xcassets in Resources */,
				CCB483051D19A99600C13F5D /* no_dog_photo.png in Resources */,
				CC2EEA601D0EE94A00BDE1E7 /* Main.storyboard in Resources */,
			);
			runOnlyForDeploymentPostprocessing = 0;
		};
/* End PBXResourcesBuildPhase section */

/* Begin PBXSourcesBuildPhase section */
		CC2EEA511D0EE94A00BDE1E7 /* Sources */ = {
			isa = PBXSourcesBuildPhase;
			buildActionMask = 2147483647;
			files = (
				CC2EEA5D1D0EE94A00BDE1E7 /* ClientsTableViewController.swift in Sources */,
				CC2EEA591D0EE94A00BDE1E7 /* AppDelegate.swift in Sources */,
				CC2EEA5B1D0EE94A00BDE1E7 /* WalksTableViewController.swift in Sources */,
				CC1F66741D118D850062A4EA /* Walks+CoreDataProperties.swift in Sources */,
				CC1F66791D118D850062A4EA /* Dogs.swift in Sources */,
				CC2EEAA71D0F160900BDE1E7 /* Walkies.xcdatamodeld in Sources */,
				CCB483011D188D0700C13F5D /* DogDetailViewController.swift in Sources */,
				CC1F66751D118D850062A4EA /* Walks.swift in Sources */,
				CC1F66831D146D540062A4EA /* WalkMapViewController.swift in Sources */,
				CC1F668B1D1864A40062A4EA /* ClientDetailViewController.swift in Sources */,
				CC2EEA6D1D0EEAF100BDE1E7 /* DogsTableViewController.swift in Sources */,
				CC1F66781D118D850062A4EA /* Dogs+CoreDataProperties.swift in Sources */,
				CC1F66771D118D850062A4EA /* Clients.swift in Sources */,
				CC1F66891D1848DE0062A4EA /* DogsCollectionViewCell.swift in Sources */,
				CC1F66761D118D850062A4EA /* Clients+CoreDataProperties.swift in Sources */,
				CC1F66871D183C5A0062A4EA /* WalksDetailViewController.swift in Sources */,
			);
			runOnlyForDeploymentPostprocessing = 0;
		};
/* End PBXSourcesBuildPhase section */

/* Begin PBXVariantGroup section */
		CC2EEA5E1D0EE94A00BDE1E7 /* Main.storyboard */ = {
			isa = PBXVariantGroup;
			children = (
				CC2EEA5F1D0EE94A00BDE1E7 /* Base */,
			);
			name = Main.storyboard;
			sourceTree = "<group>";
		};
		CC2EEA631D0EE94A00BDE1E7 /* LaunchScreen.storyboard */ = {
			isa = PBXVariantGroup;
			children = (
				CC2EEA641D0EE94A00BDE1E7 /* Base */,
			);
			name = LaunchScreen.storyboard;
			sourceTree = "<group>";
		};
/* End PBXVariantGroup section */

/* Begin XCBuildConfiguration section */
		CC2EEA671D0EE94A00BDE1E7 /* Debug */ = {
			isa = XCBuildConfiguration;
			buildSettings = {
				ALWAYS_SEARCH_USER_PATHS = NO;
				CLANG_ANALYZER_NONNULL = YES;
				CLANG_CXX_LANGUAGE_STANDARD = "gnu++0x";
				CLANG_CXX_LIBRARY = "libc++";
				CLANG_ENABLE_MODULES = YES;
				CLANG_ENABLE_OBJC_ARC = YES;
				CLANG_WARN_BOOL_CONVERSION = YES;
				CLANG_WARN_CONSTANT_CONVERSION = YES;
				CLANG_WARN_DIRECT_OBJC_ISA_USAGE = YES_ERROR;
				CLANG_WARN_EMPTY_BODY = YES;
				CLANG_WARN_ENUM_CONVERSION = YES;
				CLANG_WARN_INT_CONVERSION = YES;
				CLANG_WARN_OBJC_ROOT_CLASS = YES_ERROR;
				CLANG_WARN_UNREACHABLE_CODE = YES;
				CLANG_WARN__DUPLICATE_METHOD_MATCH = YES;
				"CODE_SIGN_IDENTITY[sdk=iphoneos*]" = "iPhone Developer";
				COPY_PHASE_STRIP = NO;
				DEBUG_INFORMATION_FORMAT = dwarf;
				ENABLE_STRICT_OBJC_MSGSEND = YES;
				ENABLE_TESTABILITY = YES;
				GCC_C_LANGUAGE_STANDARD = gnu99;
				GCC_DYNAMIC_NO_PIC = NO;
				GCC_NO_COMMON_BLOCKS = YES;
				GCC_OPTIMIZATION_LEVEL = 0;
				GCC_PREPROCESSOR_DEFINITIONS = (
					"DEBUG=1",
					"$(inherited)",
				);
				GCC_WARN_64_TO_32_BIT_CONVERSION = YES;
				GCC_WARN_ABOUT_RETURN_TYPE = YES_ERROR;
				GCC_WARN_UNDECLARED_SELECTOR = YES;
				GCC_WARN_UNINITIALIZED_AUTOS = YES_AGGRESSIVE;
				GCC_WARN_UNUSED_FUNCTION = YES;
				GCC_WARN_UNUSED_VARIABLE = YES;
				IPHONEOS_DEPLOYMENT_TARGET = 9.3;
				MTL_ENABLE_DEBUG_INFO = YES;
				ONLY_ACTIVE_ARCH = YES;
				SDKROOT = iphoneos;
				SWIFT_OPTIMIZATION_LEVEL = "-Onone";
				TARGETED_DEVICE_FAMILY = "1,2";
			};
			name = Debug;
		};
		CC2EEA681D0EE94A00BDE1E7 /* Release */ = {
			isa = XCBuildConfiguration;
			buildSettings = {
				ALWAYS_SEARCH_USER_PATHS = NO;
				CLANG_ANALYZER_NONNULL = YES;
				CLANG_CXX_LANGUAGE_STANDARD = "gnu++0x";
				CLANG_CXX_LIBRARY = "libc++";
				CLANG_ENABLE_MODULES = YES;
				CLANG_ENABLE_OBJC_ARC = YES;
				CLANG_WARN_BOOL_CONVERSION = YES;
				CLANG_WARN_CONSTANT_CONVERSION = YES;
				CLANG_WARN_DIRECT_OBJC_ISA_USAGE = YES_ERROR;
				CLANG_WARN_EMPTY_BODY = YES;
				CLANG_WARN_ENUM_CONVERSION = YES;
				CLANG_WARN_INT_CONVERSION = YES;
				CLANG_WARN_OBJC_ROOT_CLASS = YES_ERROR;
				CLANG_WARN_UNREACHABLE_CODE = YES;
				CLANG_WARN__DUPLICATE_METHOD_MATCH = YES;
				"CODE_SIGN_IDENTITY[sdk=iphoneos*]" = "iPhone Developer";
				COPY_PHASE_STRIP = NO;
				DEBUG_INFORMATION_FORMAT = "dwarf-with-dsym";
				ENABLE_NS_ASSERTIONS = NO;
				ENABLE_STRICT_OBJC_MSGSEND = YES;
				GCC_C_LANGUAGE_STANDARD = gnu99;
				GCC_NO_COMMON_BLOCKS = YES;
				GCC_WARN_64_TO_32_BIT_CONVERSION = YES;
				GCC_WARN_ABOUT_RETURN_TYPE = YES_ERROR;
				GCC_WARN_UNDECLARED_SELECTOR = YES;
				GCC_WARN_UNINITIALIZED_AUTOS = YES_AGGRESSIVE;
				GCC_WARN_UNUSED_FUNCTION = YES;
				GCC_WARN_UNUSED_VARIABLE = YES;
				IPHONEOS_DEPLOYMENT_TARGET = 9.3;
				MTL_ENABLE_DEBUG_INFO = NO;
				SDKROOT = iphoneos;
				TARGETED_DEVICE_FAMILY = "1,2";
				VALIDATE_PRODUCT = YES;
			};
			name = Release;
		};
		CC2EEA6A1D0EE94A00BDE1E7 /* Debug */ = {
			isa = XCBuildConfiguration;
			buildSettings = {
				ASSETCATALOG_COMPILER_APPICON_NAME = AppIcon;
				ASSETCATALOG_COMPILER_LAUNCHIMAGE_NAME = "Brand Assets";
				CODE_SIGN_IDENTITY = "iPhone Developer";
				INFOPLIST_FILE = Walkies2ElectricBoogaloo/Info.plist;
				LD_RUNPATH_SEARCH_PATHS = "$(inherited) @executable_path/Frameworks";
				PRODUCT_BUNDLE_IDENTIFIER = "Steve-Graff.Walkies2ElectricBoogaloo";
				PRODUCT_NAME = "$(TARGET_NAME)";
			};
			name = Debug;
		};
		CC2EEA6B1D0EE94A00BDE1E7 /* Release */ = {
			isa = XCBuildConfiguration;
			buildSettings = {
				ASSETCATALOG_COMPILER_APPICON_NAME = AppIcon;
				ASSETCATALOG_COMPILER_LAUNCHIMAGE_NAME = "Brand Assets";
				CODE_SIGN_IDENTITY = "iPhone Developer";
				INFOPLIST_FILE = Walkies2ElectricBoogaloo/Info.plist;
				LD_RUNPATH_SEARCH_PATHS = "$(inherited) @executable_path/Frameworks";
				PRODUCT_BUNDLE_IDENTIFIER = "Steve-Graff.Walkies2ElectricBoogaloo";
				PRODUCT_NAME = "$(TARGET_NAME)";
			};
			name = Release;
		};
/* End XCBuildConfiguration section */

/* Begin XCConfigurationList section */
		CC2EEA501D0EE94A00BDE1E7 /* Build configuration list for PBXProject "Walkies2ElectricBoogaloo" */ = {
			isa = XCConfigurationList;
			buildConfigurations = (
				CC2EEA671D0EE94A00BDE1E7 /* Debug */,
				CC2EEA681D0EE94A00BDE1E7 /* Release */,
			);
			defaultConfigurationIsVisible = 0;
			defaultConfigurationName = Release;
		};
		CC2EEA691D0EE94A00BDE1E7 /* Build configuration list for PBXNativeTarget "Walkies2ElectricBoogaloo" */ = {
			isa = XCConfigurationList;
			buildConfigurations = (
				CC2EEA6A1D0EE94A00BDE1E7 /* Debug */,
				CC2EEA6B1D0EE94A00BDE1E7 /* Release */,
			);
			defaultConfigurationIsVisible = 0;
			defaultConfigurationName = Release;
		};
/* End XCConfigurationList section */

/* Begin XCVersionGroup section */
		CC2EEAA51D0F160900BDE1E7 /* Walkies.xcdatamodeld */ = {
			isa = XCVersionGroup;
			children = (
				CC2EEAA61D0F160900BDE1E7 /* Walkies.xcdatamodel */,
			);
			currentVersion = CC2EEAA61D0F160900BDE1E7 /* Walkies.xcdatamodel */;
			path = Walkies.xcdatamodeld;
			sourceTree = "<group>";
			versionGroupType = wrapper.xcdatamodel;
		};
/* End XCVersionGroup section */
	};
	rootObject = CC2EEA4D1D0EE94A00BDE1E7 /* Project object */;
}
