// !$*UTF8*$!
{
	archiveVersion = 1;
	classes = {
	};
	objectVersion = 46;
	objects = {

/* Begin PBXBuildFile section */
		CC8BD26C1CEE3B1800E0671E /* Default-568h@2x.png in Resources */ = {isa = PBXBuildFile; fileRef = CC8BD26B1CEE3B1800E0671E /* Default-568h@2x.png */; };
		CCCBD7BB1CEB553000F1C8A9 /* AppDelegate.swift in Sources */ = {isa = PBXBuildFile; fileRef = CCCBD7BA1CEB553000F1C8A9 /* AppDelegate.swift */; };
		CCCBD7BD1CEB553000F1C8A9 /* ViewController.swift in Sources */ = {isa = PBXBuildFile; fileRef = CCCBD7BC1CEB553000F1C8A9 /* ViewController.swift */; };
		CCCBD7C01CEB553000F1C8A9 /* Main.storyboard in Resources */ = {isa = PBXBuildFile; fileRef = CCCBD7BE1CEB553000F1C8A9 /* Main.storyboard */; };
		CCCBD7C21CEB553000F1C8A9 /* Assets.xcassets in Resources */ = {isa = PBXBuildFile; fileRef = CCCBD7C11CEB553000F1C8A9 /* Assets.xcassets */; };
		CCCBD7C51CEB553000F1C8A9 /* LaunchScreen.storyboard in Resources */ = {isa = PBXBuildFile; fileRef = CCCBD7C31CEB553000F1C8A9 /* LaunchScreen.storyboard */; };
		CCCBD7D01CEB553000F1C8A9 /* SnapShotUITests.swift in Sources */ = {isa = PBXBuildFile; fileRef = CCCBD7CF1CEB553000F1C8A9 /* SnapShotUITests.swift */; };
		CCDFA6CB1CEB62A2008D6258 /* Media.xcassets in Resources */ = {isa = PBXBuildFile; fileRef = CCDFA6CA1CEB62A2008D6258 /* Media.xcassets */; };
/* End PBXBuildFile section */

/* Begin PBXContainerItemProxy section */
		CCCBD7CC1CEB553000F1C8A9 /* PBXContainerItemProxy */ = {
			isa = PBXContainerItemProxy;
			containerPortal = CCCBD7AF1CEB552F00F1C8A9 /* Project object */;
			proxyType = 1;
			remoteGlobalIDString = CCCBD7B61CEB552F00F1C8A9;
			remoteInfo = SnapShot;
		};
/* End PBXContainerItemProxy section */

/* Begin PBXFileReference section */
		CC8BD26B1CEE3B1800E0671E /* Default-568h@2x.png */ = {isa = PBXFileReference; lastKnownFileType = image.png; path = "Default-568h@2x.png"; sourceTree = "<group>"; };
		CC8BD26D1CEE3B8700E0671E /* Info.plist */ = {isa = PBXFileReference; fileEncoding = 4; lastKnownFileType = text.plist.xml; path = Info.plist; sourceTree = "<group>"; };
		CCCBD7B71CEB553000F1C8A9 /* PicFlic.app */ = {isa = PBXFileReference; explicitFileType = wrapper.application; includeInIndex = 0; path = PicFlic.app; sourceTree = BUILT_PRODUCTS_DIR; };
		CCCBD7BA1CEB553000F1C8A9 /* AppDelegate.swift */ = {isa = PBXFileReference; lastKnownFileType = sourcecode.swift; path = AppDelegate.swift; sourceTree = "<group>"; };
		CCCBD7BC1CEB553000F1C8A9 /* ViewController.swift */ = {isa = PBXFileReference; lastKnownFileType = sourcecode.swift; path = ViewController.swift; sourceTree = "<group>"; };
		CCCBD7BF1CEB553000F1C8A9 /* Base */ = {isa = PBXFileReference; lastKnownFileType = file.storyboard; name = Base; path = Base.lproj/Main.storyboard; sourceTree = "<group>"; };
		CCCBD7C11CEB553000F1C8A9 /* Assets.xcassets */ = {isa = PBXFileReference; lastKnownFileType = folder.assetcatalog; path = Assets.xcassets; sourceTree = "<group>"; };
		CCCBD7C41CEB553000F1C8A9 /* Base */ = {isa = PBXFileReference; lastKnownFileType = file.storyboard; name = Base; path = Base.lproj/LaunchScreen.storyboard; sourceTree = "<group>"; };
		CCCBD7CB1CEB553000F1C8A9 /* PicFlic.xctest */ = {isa = PBXFileReference; explicitFileType = wrapper.cfbundle; includeInIndex = 0; path = PicFlic.xctest; sourceTree = BUILT_PRODUCTS_DIR; };
		CCCBD7CF1CEB553000F1C8A9 /* SnapShotUITests.swift */ = {isa = PBXFileReference; lastKnownFileType = sourcecode.swift; path = SnapShotUITests.swift; sourceTree = "<group>"; };
		CCCBD7D11CEB553000F1C8A9 /* Info.plist */ = {isa = PBXFileReference; lastKnownFileType = text.plist.xml; path = Info.plist; sourceTree = "<group>"; };
		CCDFA6CA1CEB62A2008D6258 /* Media.xcassets */ = {isa = PBXFileReference; lastKnownFileType = folder.assetcatalog; path = Media.xcassets; sourceTree = "<group>"; };
/* End PBXFileReference section */

/* Begin PBXFrameworksBuildPhase section */
		CCCBD7B41CEB552F00F1C8A9 /* Frameworks */ = {
			isa = PBXFrameworksBuildPhase;
			buildActionMask = 2147483647;
			files = (
			);
			runOnlyForDeploymentPostprocessing = 0;
		};
		CCCBD7C81CEB553000F1C8A9 /* Frameworks */ = {
			isa = PBXFrameworksBuildPhase;
			buildActionMask = 2147483647;
			files = (
			);
			runOnlyForDeploymentPostprocessing = 0;
		};
/* End PBXFrameworksBuildPhase section */

/* Begin PBXGroup section */
		CCCBD7AE1CEB552F00F1C8A9 = {
			isa = PBXGroup;
			children = (
				CC8BD26B1CEE3B1800E0671E /* Default-568h@2x.png */,
				CCDFA6CA1CEB62A2008D6258 /* Media.xcassets */,
				CCCBD7B91CEB553000F1C8A9 /* PicFlic */,
				CCCBD7CE1CEB553000F1C8A9 /* PicFlicUITests */,
				CCCBD7B81CEB553000F1C8A9 /* Products */,
			);
			sourceTree = "<group>";
		};
		CCCBD7B81CEB553000F1C8A9 /* Products */ = {
			isa = PBXGroup;
			children = (
				CCCBD7B71CEB553000F1C8A9 /* PicFlic.app */,
				CCCBD7CB1CEB553000F1C8A9 /* PicFlic.xctest */,
			);
			name = Products;
			sourceTree = "<group>";
		};
		CCCBD7B91CEB553000F1C8A9 /* PicFlic */ = {
			isa = PBXGroup;
			children = (
				CCCBD7BA1CEB553000F1C8A9 /* AppDelegate.swift */,
				CCCBD7BC1CEB553000F1C8A9 /* ViewController.swift */,
				CCCBD7BE1CEB553000F1C8A9 /* Main.storyboard */,
				CCCBD7C11CEB553000F1C8A9 /* Assets.xcassets */,
				CCCBD7C31CEB553000F1C8A9 /* LaunchScreen.storyboard */,
				CC8BD26D1CEE3B8700E0671E /* Info.plist */,
			);
			path = PicFlic;
			sourceTree = "<group>";
		};
		CCCBD7CE1CEB553000F1C8A9 /* PicFlicUITests */ = {
			isa = PBXGroup;
			children = (
				CCCBD7CF1CEB553000F1C8A9 /* SnapShotUITests.swift */,
				CCCBD7D11CEB553000F1C8A9 /* Info.plist */,
			);
			name = PicFlicUITests;
			path = SnapShotUITests;
			sourceTree = "<group>";
		};
/* End PBXGroup section */

/* Begin PBXNativeTarget section */
		CCCBD7B61CEB552F00F1C8A9 /* PicFlic */ = {
			isa = PBXNativeTarget;
			buildConfigurationList = CCCBD7D41CEB553000F1C8A9 /* Build configuration list for PBXNativeTarget "PicFlic" */;
			buildPhases = (
				CCCBD7B31CEB552F00F1C8A9 /* Sources */,
				CCCBD7B41CEB552F00F1C8A9 /* Frameworks */,
				CCCBD7B51CEB552F00F1C8A9 /* Resources */,
			);
			buildRules = (
			);
			dependencies = (
			);
			name = PicFlic;
			productName = SnapShot;
			productReference = CCCBD7B71CEB553000F1C8A9 /* PicFlic.app */;
			productType = "com.apple.product-type.application";
		};
		CCCBD7CA1CEB553000F1C8A9 /* PicFlicUITests */ = {
			isa = PBXNativeTarget;
			buildConfigurationList = CCCBD7D71CEB553000F1C8A9 /* Build configuration list for PBXNativeTarget "PicFlicUITests" */;
			buildPhases = (
				CCCBD7C71CEB553000F1C8A9 /* Sources */,
				CCCBD7C81CEB553000F1C8A9 /* Frameworks */,
				CCCBD7C91CEB553000F1C8A9 /* Resources */,
			);
			buildRules = (
			);
			dependencies = (
				CCCBD7CD1CEB553000F1C8A9 /* PBXTargetDependency */,
			);
			name = PicFlicUITests;
			productName = SnapShotUITests;
			productReference = CCCBD7CB1CEB553000F1C8A9 /* PicFlic.xctest */;
			productType = "com.apple.product-type.bundle.ui-testing";
		};
/* End PBXNativeTarget section */

/* Begin PBXProject section */
		CCCBD7AF1CEB552F00F1C8A9 /* Project object */ = {
			isa = PBXProject;
			attributes = {
				LastSwiftUpdateCheck = 0730;
				LastUpgradeCheck = 0730;
				ORGANIZATIONNAME = "Steve Graff";
				TargetAttributes = {
					CCCBD7B61CEB552F00F1C8A9 = {
						CreatedOnToolsVersion = 7.3;
						DevelopmentTeam = GX5E6KYLVQ;
					};
					CCCBD7CA1CEB553000F1C8A9 = {
						CreatedOnToolsVersion = 7.3;
						DevelopmentTeam = U974956332;
						TestTargetID = CCCBD7B61CEB552F00F1C8A9;
					};
				};
			};
			buildConfigurationList = CCCBD7B21CEB552F00F1C8A9 /* Build configuration list for PBXProject "PicFlic" */;
			compatibilityVersion = "Xcode 3.2";
			developmentRegion = English;
			hasScannedForEncodings = 0;
			knownRegions = (
				en,
				Base,
			);
			mainGroup = CCCBD7AE1CEB552F00F1C8A9;
			productRefGroup = CCCBD7B81CEB553000F1C8A9 /* Products */;
			projectDirPath = "";
			projectRoot = "";
			targets = (
				CCCBD7B61CEB552F00F1C8A9 /* PicFlic */,
				CCCBD7CA1CEB553000F1C8A9 /* PicFlicUITests */,
			);
		};
/* End PBXProject section */

/* Begin PBXResourcesBuildPhase section */
		CCCBD7B51CEB552F00F1C8A9 /* Resources */ = {
			isa = PBXResourcesBuildPhase;
			buildActionMask = 2147483647;
			files = (
				CCCBD7C51CEB553000F1C8A9 /* LaunchScreen.storyboard in Resources */,
				CCCBD7C21CEB553000F1C8A9 /* Assets.xcassets in Resources */,
				CCDFA6CB1CEB62A2008D6258 /* Media.xcassets in Resources */,
				CC8BD26C1CEE3B1800E0671E /* Default-568h@2x.png in Resources */,
				CCCBD7C01CEB553000F1C8A9 /* Main.storyboard in Resources */,
			);
			runOnlyForDeploymentPostprocessing = 0;
		};
		CCCBD7C91CEB553000F1C8A9 /* Resources */ = {
			isa = PBXResourcesBuildPhase;
			buildActionMask = 2147483647;
			files = (
			);
			runOnlyForDeploymentPostprocessing = 0;
		};
/* End PBXResourcesBuildPhase section */

/* Begin PBXSourcesBuildPhase section */
		CCCBD7B31CEB552F00F1C8A9 /* Sources */ = {
			isa = PBXSourcesBuildPhase;
			buildActionMask = 2147483647;
			files = (
				CCCBD7BD1CEB553000F1C8A9 /* ViewController.swift in Sources */,
				CCCBD7BB1CEB553000F1C8A9 /* AppDelegate.swift in Sources */,
			);
			runOnlyForDeploymentPostprocessing = 0;
		};
		CCCBD7C71CEB553000F1C8A9 /* Sources */ = {
			isa = PBXSourcesBuildPhase;
			buildActionMask = 2147483647;
			files = (
				CCCBD7D01CEB553000F1C8A9 /* SnapShotUITests.swift in Sources */,
			);
			runOnlyForDeploymentPostprocessing = 0;
		};
/* End PBXSourcesBuildPhase section */

/* Begin PBXTargetDependency section */
		CCCBD7CD1CEB553000F1C8A9 /* PBXTargetDependency */ = {
			isa = PBXTargetDependency;
			target = CCCBD7B61CEB552F00F1C8A9 /* PicFlic */;
			targetProxy = CCCBD7CC1CEB553000F1C8A9 /* PBXContainerItemProxy */;
		};
/* End PBXTargetDependency section */

/* Begin PBXVariantGroup section */
		CCCBD7BE1CEB553000F1C8A9 /* Main.storyboard */ = {
			isa = PBXVariantGroup;
			children = (
				CCCBD7BF1CEB553000F1C8A9 /* Base */,
			);
			name = Main.storyboard;
			sourceTree = "<group>";
		};
		CCCBD7C31CEB553000F1C8A9 /* LaunchScreen.storyboard */ = {
			isa = PBXVariantGroup;
			children = (
				CCCBD7C41CEB553000F1C8A9 /* Base */,
			);
			name = LaunchScreen.storyboard;
			sourceTree = "<group>";
		};
/* End PBXVariantGroup section */

/* Begin XCBuildConfiguration section */
		CCCBD7D21CEB553000F1C8A9 /* Debug */ = {
			isa = XCBuildConfiguration;
			buildSettings = {
				ALWAYS_SEARCH_USER_PATHS = NO;
				CLANG_ANALYZER_NONNULL = YES;
				CLANG_CXX_LANGUAGE_STANDARD = "gnu++0x";
				CLANG_CXX_LIBRARY = "libc++";
				CLANG_ENABLE_MODULES = YES;
				CLANG_ENABLE_OBJC_ARC = YES;
				CLANG_WARN_BOOL_CONVERSION = YES;
				CLANG_WARN_CONSTANT_CONVERSION = YES;
				CLANG_WARN_DIRECT_OBJC_ISA_USAGE = YES_ERROR;
				CLANG_WARN_EMPTY_BODY = YES;
				CLANG_WARN_ENUM_CONVERSION = YES;
				CLANG_WARN_INT_CONVERSION = YES;
				CLANG_WARN_OBJC_ROOT_CLASS = YES_ERROR;
				CLANG_WARN_UNREACHABLE_CODE = YES;
				CLANG_WARN__DUPLICATE_METHOD_MATCH = YES;
				"CODE_SIGN_IDENTITY[sdk=iphoneos*]" = "iPhone Developer";
				COPY_PHASE_STRIP = NO;
				DEBUG_INFORMATION_FORMAT = dwarf;
				ENABLE_STRICT_OBJC_MSGSEND = YES;
				ENABLE_TESTABILITY = YES;
				GCC_C_LANGUAGE_STANDARD = gnu99;
				GCC_DYNAMIC_NO_PIC = NO;
				GCC_NO_COMMON_BLOCKS = YES;
				GCC_OPTIMIZATION_LEVEL = 0;
				GCC_PREPROCESSOR_DEFINITIONS = (
					"DEBUG=1",
					"$(inherited)",
				);
				GCC_WARN_64_TO_32_BIT_CONVERSION = YES;
				GCC_WARN_ABOUT_RETURN_TYPE = YES_ERROR;
				GCC_WARN_UNDECLARED_SELECTOR = YES;
				GCC_WARN_UNINITIALIZED_AUTOS = YES_AGGRESSIVE;
				GCC_WARN_UNUSED_FUNCTION = YES;
				GCC_WARN_UNUSED_VARIABLE = YES;
				IPHONEOS_DEPLOYMENT_TARGET = 9.3;
				MTL_ENABLE_DEBUG_INFO = YES;
				ONLY_ACTIVE_ARCH = YES;
				SDKROOT = iphoneos;
				SWIFT_OPTIMIZATION_LEVEL = "-Onone";
				TARGETED_DEVICE_FAMILY = "1,2";
			};
			name = Debug;
		};
		CCCBD7D31CEB553000F1C8A9 /* Release */ = {
			isa = XCBuildConfiguration;
			buildSettings = {
				ALWAYS_SEARCH_USER_PATHS = NO;
				CLANG_ANALYZER_NONNULL = YES;
				CLANG_CXX_LANGUAGE_STANDARD = "gnu++0x";
				CLANG_CXX_LIBRARY = "libc++";
				CLANG_ENABLE_MODULES = YES;
				CLANG_ENABLE_OBJC_ARC = YES;
				CLANG_WARN_BOOL_CONVERSION = YES;
				CLANG_WARN_CONSTANT_CONVERSION = YES;
				CLANG_WARN_DIRECT_OBJC_ISA_USAGE = YES_ERROR;
				CLANG_WARN_EMPTY_BODY = YES;
				CLANG_WARN_ENUM_CONVERSION = YES;
				CLANG_WARN_INT_CONVERSION = YES;
				CLANG_WARN_OBJC_ROOT_CLASS = YES_ERROR;
				CLANG_WARN_UNREACHABLE_CODE = YES;
				CLANG_WARN__DUPLICATE_METHOD_MATCH = YES;
				"CODE_SIGN_IDENTITY[sdk=iphoneos*]" = "iPhone Developer";
				COPY_PHASE_STRIP = NO;
				DEBUG_INFORMATION_FORMAT = "dwarf-with-dsym";
				ENABLE_NS_ASSERTIONS = NO;
				ENABLE_STRICT_OBJC_MSGSEND = YES;
				GCC_C_LANGUAGE_STANDARD = gnu99;
				GCC_NO_COMMON_BLOCKS = YES;
				GCC_WARN_64_TO_32_BIT_CONVERSION = YES;
				GCC_WARN_ABOUT_RETURN_TYPE = YES_ERROR;
				GCC_WARN_UNDECLARED_SELECTOR = YES;
				GCC_WARN_UNINITIALIZED_AUTOS = YES_AGGRESSIVE;
				GCC_WARN_UNUSED_FUNCTION = YES;
				GCC_WARN_UNUSED_VARIABLE = YES;
				IPHONEOS_DEPLOYMENT_TARGET = 9.3;
				MTL_ENABLE_DEBUG_INFO = NO;
				SDKROOT = iphoneos;
				TARGETED_DEVICE_FAMILY = "1,2";
				VALIDATE_PRODUCT = YES;
			};
			name = Release;
		};
		CCCBD7D51CEB553000F1C8A9 /* Debug */ = {
			isa = XCBuildConfiguration;
			buildSettings = {
				ASSETCATALOG_COMPILER_APPICON_NAME = AppIcon;
				CODE_SIGN_IDENTITY = "iPhone Developer";
				INFOPLIST_FILE = "$(SRCROOT)/PicFlic/Info.plist";
				LD_RUNPATH_SEARCH_PATHS = "$(inherited) @executable_path/Frameworks";
				PRODUCT_BUNDLE_IDENTIFIER = "Steve-Graff.PicFlic";
				PRODUCT_NAME = PicFlic;
			};
			name = Debug;
		};
		CCCBD7D61CEB553000F1C8A9 /* Release */ = {
			isa = XCBuildConfiguration;
			buildSettings = {
				ASSETCATALOG_COMPILER_APPICON_NAME = AppIcon;
				CODE_SIGN_IDENTITY = "iPhone Developer";
				INFOPLIST_FILE = "$(SRCROOT)/PicFlic/Info.plist";
				LD_RUNPATH_SEARCH_PATHS = "$(inherited) @executable_path/Frameworks";
				PRODUCT_BUNDLE_IDENTIFIER = "Steve-Graff.PicFlic";
				PRODUCT_NAME = PicFlic;
			};
			name = Release;
		};
		CCCBD7D81CEB553000F1C8A9 /* Debug */ = {
			isa = XCBuildConfiguration;
			buildSettings = {
				INFOPLIST_FILE = SnapShotUITests/Info.plist;
				LD_RUNPATH_SEARCH_PATHS = "$(inherited) @executable_path/Frameworks @loader_path/Frameworks";
				PRODUCT_BUNDLE_IDENTIFIER = "Steve-Graff.SnapShotUITests";
				PRODUCT_NAME = PicFlic;
				TEST_TARGET_NAME = SnapShot;
			};
			name = Debug;
		};
		CCCBD7D91CEB553000F1C8A9 /* Release */ = {
			isa = XCBuildConfiguration;
			buildSettings = {
				INFOPLIST_FILE = SnapShotUITests/Info.plist;
				LD_RUNPATH_SEARCH_PATHS = "$(inherited) @executable_path/Frameworks @loader_path/Frameworks";
				PRODUCT_BUNDLE_IDENTIFIER = "Steve-Graff.SnapShotUITests";
				PRODUCT_NAME = PicFlic;
				TEST_TARGET_NAME = SnapShot;
			};
			name = Release;
		};
/* End XCBuildConfiguration section */

/* Begin XCConfigurationList section */
		CCCBD7B21CEB552F00F1C8A9 /* Build configuration list for PBXProject "PicFlic" */ = {
			isa = XCConfigurationList;
			buildConfigurations = (
				CCCBD7D21CEB553000F1C8A9 /* Debug */,
				CCCBD7D31CEB553000F1C8A9 /* Release */,
			);
			defaultConfigurationIsVisible = 0;
			defaultConfigurationName = Release;
		};
		CCCBD7D41CEB553000F1C8A9 /* Build configuration list for PBXNativeTarget "PicFlic" */ = {
			isa = XCConfigurationList;
			buildConfigurations = (
				CCCBD7D51CEB553000F1C8A9 /* Debug */,
				CCCBD7D61CEB553000F1C8A9 /* Release */,
			);
			defaultConfigurationIsVisible = 0;
			defaultConfigurationName = Release;
		};
		CCCBD7D71CEB553000F1C8A9 /* Build configuration list for PBXNativeTarget "PicFlicUITests" */ = {
			isa = XCConfigurationList;
			buildConfigurations = (
				CCCBD7D81CEB553000F1C8A9 /* Debug */,
				CCCBD7D91CEB553000F1C8A9 /* Release */,
			);
			defaultConfigurationIsVisible = 0;
			defaultConfigurationName = Release;
		};
/* End XCConfigurationList section */
	};
	rootObject = CCCBD7AF1CEB552F00F1C8A9 /* Project object */;
}
