// !$*UTF8*$!
{
	archiveVersion = 1;
	classes = {
	};
	objectVersion = 46;
	objects = {

/* Begin PBXBuildFile section */
		CCA10D191CD8DC1F00F2D086 /* main.m in Sources */ = {isa = PBXBuildFile; fileRef = CCA10D181CD8DC1F00F2D086 /* main.m */; };
		CCA10D1C1CD8DC1F00F2D086 /* AppDelegate.m in Sources */ = {isa = PBXBuildFile; fileRef = CCA10D1B1CD8DC1F00F2D086 /* AppDelegate.m */; };
		CCA10D1F1CD8DC1F00F2D086 /* ToDo.xcdatamodeld in Sources */ = {isa = PBXBuildFile; fileRef = CCA10D1D1CD8DC1F00F2D086 /* ToDo.xcdatamodeld */; };
		CCA10D221CD8DC1F00F2D086 /* MasterViewController.m in Sources */ = {isa = PBXBuildFile; fileRef = CCA10D211CD8DC1F00F2D086 /* MasterViewController.m */; };
		CCA10D251CD8DC1F00F2D086 /* DetailViewController.m in Sources */ = {isa = PBXBuildFile; fileRef = CCA10D241CD8DC1F00F2D086 /* DetailViewController.m */; };
		CCA10D281CD8DC1F00F2D086 /* Main.storyboard in Resources */ = {isa = PBXBuildFile; fileRef = CCA10D261CD8DC1F00F2D086 /* Main.storyboard */; };
		CCA10D2A1CD8DC1F00F2D086 /* Assets.xcassets in Resources */ = {isa = PBXBuildFile; fileRef = CCA10D291CD8DC1F00F2D086 /* Assets.xcassets */; };
		CCA10D2D1CD8DC1F00F2D086 /* LaunchScreen.storyboard in Resources */ = {isa = PBXBuildFile; fileRef = CCA10D2B1CD8DC1F00F2D086 /* LaunchScreen.storyboard */; };
/* End PBXBuildFile section */

/* Begin PBXFileReference section */
		CCA10D141CD8DC1F00F2D086 /* ToDo.app */ = {isa = PBXFileReference; explicitFileType = wrapper.application; includeInIndex = 0; path = ToDo.app; sourceTree = BUILT_PRODUCTS_DIR; };
		CCA10D181CD8DC1F00F2D086 /* main.m */ = {isa = PBXFileReference; lastKnownFileType = sourcecode.c.objc; path = main.m; sourceTree = "<group>"; };
		CCA10D1A1CD8DC1F00F2D086 /* AppDelegate.h */ = {isa = PBXFileReference; lastKnownFileType = sourcecode.c.h; path = AppDelegate.h; sourceTree = "<group>"; };
		CCA10D1B1CD8DC1F00F2D086 /* AppDelegate.m */ = {isa = PBXFileReference; lastKnownFileType = sourcecode.c.objc; path = AppDelegate.m; sourceTree = "<group>"; };
		CCA10D1E1CD8DC1F00F2D086 /* ToDo.xcdatamodel */ = {isa = PBXFileReference; lastKnownFileType = wrapper.xcdatamodel; path = ToDo.xcdatamodel; sourceTree = "<group>"; };
		CCA10D201CD8DC1F00F2D086 /* MasterViewController.h */ = {isa = PBXFileReference; lastKnownFileType = sourcecode.c.h; path = MasterViewController.h; sourceTree = "<group>"; };
		CCA10D211CD8DC1F00F2D086 /* MasterViewController.m */ = {isa = PBXFileReference; lastKnownFileType = sourcecode.c.objc; path = MasterViewController.m; sourceTree = "<group>"; };
		CCA10D231CD8DC1F00F2D086 /* DetailViewController.h */ = {isa = PBXFileReference; lastKnownFileType = sourcecode.c.h; path = DetailViewController.h; sourceTree = "<group>"; };
		CCA10D241CD8DC1F00F2D086 /* DetailViewController.m */ = {isa = PBXFileReference; lastKnownFileType = sourcecode.c.objc; path = DetailViewController.m; sourceTree = "<group>"; };
		CCA10D271CD8DC1F00F2D086 /* Base */ = {isa = PBXFileReference; lastKnownFileType = file.storyboard; name = Base; path = Base.lproj/Main.storyboard; sourceTree = "<group>"; };
		CCA10D291CD8DC1F00F2D086 /* Assets.xcassets */ = {isa = PBXFileReference; lastKnownFileType = folder.assetcatalog; path = Assets.xcassets; sourceTree = "<group>"; };
		CCA10D2C1CD8DC1F00F2D086 /* Base */ = {isa = PBXFileReference; lastKnownFileType = file.storyboard; name = Base; path = Base.lproj/LaunchScreen.storyboard; sourceTree = "<group>"; };
		CCA10D2E1CD8DC1F00F2D086 /* Info.plist */ = {isa = PBXFileReference; lastKnownFileType = text.plist.xml; path = Info.plist; sourceTree = "<group>"; };
/* End PBXFileReference section */

/* Begin PBXFrameworksBuildPhase section */
		CCA10D111CD8DC1F00F2D086 /* Frameworks */ = {
			isa = PBXFrameworksBuildPhase;
			buildActionMask = 2147483647;
			files = (
			);
			runOnlyForDeploymentPostprocessing = 0;
		};
/* End PBXFrameworksBuildPhase section */

/* Begin PBXGroup section */
		CCA10D0B1CD8DC1F00F2D086 = {
			isa = PBXGroup;
			children = (
				CCA10D161CD8DC1F00F2D086 /* ToDo */,
				CCA10D151CD8DC1F00F2D086 /* Products */,
			);
			sourceTree = "<group>";
		};
		CCA10D151CD8DC1F00F2D086 /* Products */ = {
			isa = PBXGroup;
			children = (
				CCA10D141CD8DC1F00F2D086 /* ToDo.app */,
			);
			name = Products;
			sourceTree = "<group>";
		};
		CCA10D161CD8DC1F00F2D086 /* ToDo */ = {
			isa = PBXGroup;
			children = (
				CCA10D1A1CD8DC1F00F2D086 /* AppDelegate.h */,
				CCA10D1B1CD8DC1F00F2D086 /* AppDelegate.m */,
				CCA10D201CD8DC1F00F2D086 /* MasterViewController.h */,
				CCA10D211CD8DC1F00F2D086 /* MasterViewController.m */,
				CCA10D231CD8DC1F00F2D086 /* DetailViewController.h */,
				CCA10D241CD8DC1F00F2D086 /* DetailViewController.m */,
				CCA10D261CD8DC1F00F2D086 /* Main.storyboard */,
				CCA10D291CD8DC1F00F2D086 /* Assets.xcassets */,
				CCA10D2B1CD8DC1F00F2D086 /* LaunchScreen.storyboard */,
				CCA10D2E1CD8DC1F00F2D086 /* Info.plist */,
				CCA10D1D1CD8DC1F00F2D086 /* ToDo.xcdatamodeld */,
				CCA10D171CD8DC1F00F2D086 /* Supporting Files */,
			);
			path = ToDo;
			sourceTree = "<group>";
		};
		CCA10D171CD8DC1F00F2D086 /* Supporting Files */ = {
			isa = PBXGroup;
			children = (
				CCA10D181CD8DC1F00F2D086 /* main.m */,
			);
			name = "Supporting Files";
			sourceTree = "<group>";
		};
/* End PBXGroup section */

/* Begin PBXNativeTarget section */
		CCA10D131CD8DC1F00F2D086 /* ToDo */ = {
			isa = PBXNativeTarget;
			buildConfigurationList = CCA10D311CD8DC1F00F2D086 /* Build configuration list for PBXNativeTarget "ToDo" */;
			buildPhases = (
				CCA10D101CD8DC1F00F2D086 /* Sources */,
				CCA10D111CD8DC1F00F2D086 /* Frameworks */,
				CCA10D121CD8DC1F00F2D086 /* Resources */,
			);
			buildRules = (
			);
			dependencies = (
			);
			name = ToDo;
			productName = ToDo;
			productReference = CCA10D141CD8DC1F00F2D086 /* ToDo.app */;
			productType = "com.apple.product-type.application";
		};
/* End PBXNativeTarget section */

/* Begin PBXProject section */
		CCA10D0C1CD8DC1F00F2D086 /* Project object */ = {
			isa = PBXProject;
			attributes = {
				LastUpgradeCheck = 0730;
				ORGANIZATIONNAME = "Steve Graff";
				TargetAttributes = {
					CCA10D131CD8DC1F00F2D086 = {
						CreatedOnToolsVersion = 7.3;
						DevelopmentTeam = U974956332;
					};
				};
			};
			buildConfigurationList = CCA10D0F1CD8DC1F00F2D086 /* Build configuration list for PBXProject "ToDo" */;
			compatibilityVersion = "Xcode 3.2";
			developmentRegion = English;
			hasScannedForEncodings = 0;
			knownRegions = (
				en,
				Base,
			);
			mainGroup = CCA10D0B1CD8DC1F00F2D086;
			productRefGroup = CCA10D151CD8DC1F00F2D086 /* Products */;
			projectDirPath = "";
			projectRoot = "";
			targets = (
				CCA10D131CD8DC1F00F2D086 /* ToDo */,
			);
		};
/* End PBXProject section */

/* Begin PBXResourcesBuildPhase section */
		CCA10D121CD8DC1F00F2D086 /* Resources */ = {
			isa = PBXResourcesBuildPhase;
			buildActionMask = 2147483647;
			files = (
				CCA10D2D1CD8DC1F00F2D086 /* LaunchScreen.storyboard in Resources */,
				CCA10D2A1CD8DC1F00F2D086 /* Assets.xcassets in Resources */,
				CCA10D281CD8DC1F00F2D086 /* Main.storyboard in Resources */,
			);
			runOnlyForDeploymentPostprocessing = 0;
		};
/* End PBXResourcesBuildPhase section */

/* Begin PBXSourcesBuildPhase section */
		CCA10D101CD8DC1F00F2D086 /* Sources */ = {
			isa = PBXSourcesBuildPhase;
			buildActionMask = 2147483647;
			files = (
				CCA10D251CD8DC1F00F2D086 /* DetailViewController.m in Sources */,
				CCA10D221CD8DC1F00F2D086 /* MasterViewController.m in Sources */,
				CCA10D1C1CD8DC1F00F2D086 /* AppDelegate.m in Sources */,
				CCA10D1F1CD8DC1F00F2D086 /* ToDo.xcdatamodeld in Sources */,
				CCA10D191CD8DC1F00F2D086 /* main.m in Sources */,
			);
			runOnlyForDeploymentPostprocessing = 0;
		};
/* End PBXSourcesBuildPhase section */

/* Begin PBXVariantGroup section */
		CCA10D261CD8DC1F00F2D086 /* Main.storyboard */ = {
			isa = PBXVariantGroup;
			children = (
				CCA10D271CD8DC1F00F2D086 /* Base */,
			);
			name = Main.storyboard;
			sourceTree = "<group>";
		};
		CCA10D2B1CD8DC1F00F2D086 /* LaunchScreen.storyboard */ = {
			isa = PBXVariantGroup;
			children = (
				CCA10D2C1CD8DC1F00F2D086 /* Base */,
			);
			name = LaunchScreen.storyboard;
			sourceTree = "<group>";
		};
/* End PBXVariantGroup section */

/* Begin XCBuildConfiguration section */
		CCA10D2F1CD8DC1F00F2D086 /* Debug */ = {
			isa = XCBuildConfiguration;
			buildSettings = {
				ALWAYS_SEARCH_USER_PATHS = NO;
				CLANG_ANALYZER_NONNULL = YES;
				CLANG_CXX_LANGUAGE_STANDARD = "gnu++0x";
				CLANG_CXX_LIBRARY = "libc++";
				CLANG_ENABLE_MODULES = YES;
				CLANG_ENABLE_OBJC_ARC = YES;
				CLANG_WARN_BOOL_CONVERSION = YES;
				CLANG_WARN_CONSTANT_CONVERSION = YES;
				CLANG_WARN_DIRECT_OBJC_ISA_USAGE = YES_ERROR;
				CLANG_WARN_EMPTY_BODY = YES;
				CLANG_WARN_ENUM_CONVERSION = YES;
				CLANG_WARN_INT_CONVERSION = YES;
				CLANG_WARN_OBJC_ROOT_CLASS = YES_ERROR;
				CLANG_WARN_UNREACHABLE_CODE = YES;
				CLANG_WARN__DUPLICATE_METHOD_MATCH = YES;
				"CODE_SIGN_IDENTITY[sdk=iphoneos*]" = "iPhone Developer";
				COPY_PHASE_STRIP = NO;
				DEBUG_INFORMATION_FORMAT = dwarf;
				ENABLE_STRICT_OBJC_MSGSEND = YES;
				ENABLE_TESTABILITY = YES;
				GCC_C_LANGUAGE_STANDARD = gnu99;
				GCC_DYNAMIC_NO_PIC = NO;
				GCC_NO_COMMON_BLOCKS = YES;
				GCC_OPTIMIZATION_LEVEL = 0;
				GCC_PREPROCESSOR_DEFINITIONS = (
					"DEBUG=1",
					"$(inherited)",
				);
				GCC_WARN_64_TO_32_BIT_CONVERSION = YES;
				GCC_WARN_ABOUT_RETURN_TYPE = YES_ERROR;
				GCC_WARN_UNDECLARED_SELECTOR = YES;
				GCC_WARN_UNINITIALIZED_AUTOS = YES_AGGRESSIVE;
				GCC_WARN_UNUSED_FUNCTION = YES;
				GCC_WARN_UNUSED_VARIABLE = YES;
				IPHONEOS_DEPLOYMENT_TARGET = 9.3;
				MTL_ENABLE_DEBUG_INFO = YES;
				ONLY_ACTIVE_ARCH = YES;
				SDKROOT = iphoneos;
			};
			name = Debug;
		};
		CCA10D301CD8DC1F00F2D086 /* Release */ = {
			isa = XCBuildConfiguration;
			buildSettings = {
				ALWAYS_SEARCH_USER_PATHS = NO;
				CLANG_ANALYZER_NONNULL = YES;
				CLANG_CXX_LANGUAGE_STANDARD = "gnu++0x";
				CLANG_CXX_LIBRARY = "libc++";
				CLANG_ENABLE_MODULES = YES;
				CLANG_ENABLE_OBJC_ARC = YES;
				CLANG_WARN_BOOL_CONVERSION = YES;
				CLANG_WARN_CONSTANT_CONVERSION = YES;
				CLANG_WARN_DIRECT_OBJC_ISA_USAGE = YES_ERROR;
				CLANG_WARN_EMPTY_BODY = YES;
				CLANG_WARN_ENUM_CONVERSION = YES;
				CLANG_WARN_INT_CONVERSION = YES;
				CLANG_WARN_OBJC_ROOT_CLASS = YES_ERROR;
				CLANG_WARN_UNREACHABLE_CODE = YES;
				CLANG_WARN__DUPLICATE_METHOD_MATCH = YES;
				"CODE_SIGN_IDENTITY[sdk=iphoneos*]" = "iPhone Developer";
				COPY_PHASE_STRIP = NO;
				DEBUG_INFORMATION_FORMAT = "dwarf-with-dsym";
				ENABLE_NS_ASSERTIONS = NO;
				ENABLE_STRICT_OBJC_MSGSEND = YES;
				GCC_C_LANGUAGE_STANDARD = gnu99;
				GCC_NO_COMMON_BLOCKS = YES;
				GCC_WARN_64_TO_32_BIT_CONVERSION = YES;
				GCC_WARN_ABOUT_RETURN_TYPE = YES_ERROR;
				GCC_WARN_UNDECLARED_SELECTOR = YES;
				GCC_WARN_UNINITIALIZED_AUTOS = YES_AGGRESSIVE;
				GCC_WARN_UNUSED_FUNCTION = YES;
				GCC_WARN_UNUSED_VARIABLE = YES;
				IPHONEOS_DEPLOYMENT_TARGET = 9.3;
				MTL_ENABLE_DEBUG_INFO = NO;
				SDKROOT = iphoneos;
				VALIDATE_PRODUCT = YES;
			};
			name = Release;
		};
		CCA10D321CD8DC1F00F2D086 /* Debug */ = {
			isa = XCBuildConfiguration;
			buildSettings = {
				ASSETCATALOG_COMPILER_APPICON_NAME = AppIcon;
				INFOPLIST_FILE = ToDo/Info.plist;
				LD_RUNPATH_SEARCH_PATHS = "$(inherited) @executable_path/Frameworks";
				PRODUCT_BUNDLE_IDENTIFIER = "Steve-Graff.ToDo";
				PRODUCT_NAME = "$(TARGET_NAME)";
			};
			name = Debug;
		};
		CCA10D331CD8DC1F00F2D086 /* Release */ = {
			isa = XCBuildConfiguration;
			buildSettings = {
				ASSETCATALOG_COMPILER_APPICON_NAME = AppIcon;
				INFOPLIST_FILE = ToDo/Info.plist;
				LD_RUNPATH_SEARCH_PATHS = "$(inherited) @executable_path/Frameworks";
				PRODUCT_BUNDLE_IDENTIFIER = "Steve-Graff.ToDo";
				PRODUCT_NAME = "$(TARGET_NAME)";
			};
			name = Release;
		};
/* End XCBuildConfiguration section */

/* Begin XCConfigurationList section */
		CCA10D0F1CD8DC1F00F2D086 /* Build configuration list for PBXProject "ToDo" */ = {
			isa = XCConfigurationList;
			buildConfigurations = (
				CCA10D2F1CD8DC1F00F2D086 /* Debug */,
				CCA10D301CD8DC1F00F2D086 /* Release */,
			);
			defaultConfigurationIsVisible = 0;
			defaultConfigurationName = Release;
		};
		CCA10D311CD8DC1F00F2D086 /* Build configuration list for PBXNativeTarget "ToDo" */ = {
			isa = XCConfigurationList;
			buildConfigurations = (
				CCA10D321CD8DC1F00F2D086 /* Debug */,
				CCA10D331CD8DC1F00F2D086 /* Release */,
			);
			defaultConfigurationIsVisible = 0;
		};
/* End XCConfigurationList section */

/* Begin XCVersionGroup section */
		CCA10D1D1CD8DC1F00F2D086 /* ToDo.xcdatamodeld */ = {
			isa = XCVersionGroup;
			children = (
				CCA10D1E1CD8DC1F00F2D086 /* ToDo.xcdatamodel */,
			);
			currentVersion = CCA10D1E1CD8DC1F00F2D086 /* ToDo.xcdatamodel */;
			path = ToDo.xcdatamodeld;
			sourceTree = "<group>";
			versionGroupType = wrapper.xcdatamodel;
		};
/* End XCVersionGroup section */
	};
	rootObject = CCA10D0C1CD8DC1F00F2D086 /* Project object */;
}
