// !$*UTF8*$!
{
	archiveVersion = 1;
	classes = {
	};
	objectVersion = 46;
	objects = {

/* Begin PBXBuildFile section */
		CC0BEC681CF5E4370020FD8A /* DiceyCollectionVC.m in Sources */ = {isa = PBXBuildFile; fileRef = CC0BEC671CF5E4370020FD8A /* DiceyCollectionVC.m */; };
		CC1F104A1CF4B45B0001E64E /* AppDelegate.swift in Sources */ = {isa = PBXBuildFile; fileRef = CC1F10491CF4B45B0001E64E /* AppDelegate.swift */; };
		CC1F104F1CF4B45B0001E64E /* Main.storyboard in Resources */ = {isa = PBXBuildFile; fileRef = CC1F104D1CF4B45B0001E64E /* Main.storyboard */; };
		CC1F10511CF4B45B0001E64E /* Assets.xcassets in Resources */ = {isa = PBXBuildFile; fileRef = CC1F10501CF4B45B0001E64E /* Assets.xcassets */; };
		CC1F10541CF4B45B0001E64E /* LaunchScreen.storyboard in Resources */ = {isa = PBXBuildFile; fileRef = CC1F10521CF4B45B0001E64E /* LaunchScreen.storyboard */; };
		CC1F105C1CF4B5020001E64E /* DiceCollectionViewController.swift in Sources */ = {isa = PBXBuildFile; fileRef = CC1F105B1CF4B5020001E64E /* DiceCollectionViewController.swift */; };
		CC1F105E1CF4B5380001E64E /* Dice.swift in Sources */ = {isa = PBXBuildFile; fileRef = CC1F105D1CF4B5380001E64E /* Dice.swift */; };
		CC1F10601CF4B8210001E64E /* DCVC+delegate.swift in Sources */ = {isa = PBXBuildFile; fileRef = CC1F105F1CF4B8210001E64E /* DCVC+delegate.swift */; };
		CC1F10621CF4B8430001E64E /* DCVC+datasource.swift in Sources */ = {isa = PBXBuildFile; fileRef = CC1F10611CF4B8430001E64E /* DCVC+datasource.swift */; };
		CC1F106E1CF4DE6F0001E64E /* DiceChoiceViewController.swift in Sources */ = {isa = PBXBuildFile; fileRef = CC1F106D1CF4DE6F0001E64E /* DiceChoiceViewController.swift */; };
		CC35DA291CFF866A00FAD85E /* DiceCollectionHeaderView.swift in Sources */ = {isa = PBXBuildFile; fileRef = CC35DA281CFF866A00FAD85E /* DiceCollectionHeaderView.swift */; };
		CC6D0BE61D05DC20001FD938 /* HockeySDK.framework in Frameworks */ = {isa = PBXBuildFile; fileRef = CC6D0BE31D05DC20001FD938 /* HockeySDK.framework */; };
		CC6D0BE71D05DC20001FD938 /* HockeySDKResources.bundle in Resources */ = {isa = PBXBuildFile; fileRef = CC6D0BE51D05DC20001FD938 /* HockeySDKResources.bundle */; };
/* End PBXBuildFile section */

/* Begin PBXFileReference section */
		CC0BEC651CF5E4370020FD8A /* DieBag-Bridging-Header.h */ = {isa = PBXFileReference; lastKnownFileType = sourcecode.c.h; path = "DieBag-Bridging-Header.h"; sourceTree = "<group>"; };
		CC0BEC661CF5E4370020FD8A /* DiceyCollectionVC.h */ = {isa = PBXFileReference; fileEncoding = 4; lastKnownFileType = sourcecode.c.h; name = DiceyCollectionVC.h; path = ../DiceyCollectionVC.h; sourceTree = "<group>"; };
		CC0BEC671CF5E4370020FD8A /* DiceyCollectionVC.m */ = {isa = PBXFileReference; fileEncoding = 4; lastKnownFileType = sourcecode.c.objc; name = DiceyCollectionVC.m; path = ../DiceyCollectionVC.m; sourceTree = "<group>"; };
		CC1F10461CF4B45B0001E64E /* DieBag.app */ = {isa = PBXFileReference; explicitFileType = wrapper.application; includeInIndex = 0; path = DieBag.app; sourceTree = BUILT_PRODUCTS_DIR; };
		CC1F10491CF4B45B0001E64E /* AppDelegate.swift */ = {isa = PBXFileReference; lastKnownFileType = sourcecode.swift; path = AppDelegate.swift; sourceTree = "<group>"; };
		CC1F104E1CF4B45B0001E64E /* Base */ = {isa = PBXFileReference; lastKnownFileType = file.storyboard; name = Base; path = Base.lproj/Main.storyboard; sourceTree = "<group>"; };
		CC1F10501CF4B45B0001E64E /* Assets.xcassets */ = {isa = PBXFileReference; lastKnownFileType = folder.assetcatalog; path = Assets.xcassets; sourceTree = "<group>"; };
		CC1F10531CF4B45B0001E64E /* Base */ = {isa = PBXFileReference; lastKnownFileType = file.storyboard; name = Base; path = Base.lproj/LaunchScreen.storyboard; sourceTree = "<group>"; };
		CC1F10551CF4B45B0001E64E /* Info.plist */ = {isa = PBXFileReference; lastKnownFileType = text.plist.xml; path = Info.plist; sourceTree = "<group>"; };
		CC1F105B1CF4B5020001E64E /* DiceCollectionViewController.swift */ = {isa = PBXFileReference; fileEncoding = 4; lastKnownFileType = sourcecode.swift; path = DiceCollectionViewController.swift; sourceTree = "<group>"; };
		CC1F105D1CF4B5380001E64E /* Dice.swift */ = {isa = PBXFileReference; fileEncoding = 4; lastKnownFileType = sourcecode.swift; path = Dice.swift; sourceTree = "<group>"; };
		CC1F105F1CF4B8210001E64E /* DCVC+delegate.swift */ = {isa = PBXFileReference; fileEncoding = 4; lastKnownFileType = sourcecode.swift; path = "DCVC+delegate.swift"; sourceTree = "<group>"; };
		CC1F10611CF4B8430001E64E /* DCVC+datasource.swift */ = {isa = PBXFileReference; fileEncoding = 4; lastKnownFileType = sourcecode.swift; path = "DCVC+datasource.swift"; sourceTree = "<group>"; };
		CC1F106D1CF4DE6F0001E64E /* DiceChoiceViewController.swift */ = {isa = PBXFileReference; fileEncoding = 4; lastKnownFileType = sourcecode.swift; name = DiceChoiceViewController.swift; path = ../DiceChoiceViewController.swift; sourceTree = "<group>"; };
		CC35DA281CFF866A00FAD85E /* DiceCollectionHeaderView.swift */ = {isa = PBXFileReference; fileEncoding = 4; lastKnownFileType = sourcecode.swift; path = DiceCollectionHeaderView.swift; sourceTree = "<group>"; };
		CC6D0BE31D05DC20001FD938 /* HockeySDK.framework */ = {isa = PBXFileReference; lastKnownFileType = wrapper.framework; path = HockeySDK.framework; sourceTree = "<group>"; };
		CC6D0BE51D05DC20001FD938 /* HockeySDKResources.bundle */ = {isa = PBXFileReference; lastKnownFileType = "wrapper.plug-in"; path = HockeySDKResources.bundle; sourceTree = "<group>"; };
/* End PBXFileReference section */

/* Begin PBXFrameworksBuildPhase section */
		CC1F10431CF4B45B0001E64E /* Frameworks */ = {
			isa = PBXFrameworksBuildPhase;
			buildActionMask = 2147483647;
			files = (
				CC6D0BE61D05DC20001FD938 /* HockeySDK.framework in Frameworks */,
			);
			runOnlyForDeploymentPostprocessing = 0;
		};
/* End PBXFrameworksBuildPhase section */

/* Begin PBXGroup section */
		CC1F103D1CF4B45B0001E64E = {
			isa = PBXGroup;
			children = (
				CC1F10481CF4B45B0001E64E /* DieBag */,
				CC6D0BE11D05DBDF001FD938 /* Vendor */,
				CC1F10471CF4B45B0001E64E /* Products */,
				CC0BEC651CF5E4370020FD8A /* DieBag-Bridging-Header.h */,
			);
			sourceTree = "<group>";
		};
		CC1F10471CF4B45B0001E64E /* Products */ = {
			isa = PBXGroup;
			children = (
				CC1F10461CF4B45B0001E64E /* DieBag.app */,
			);
			name = Products;
			sourceTree = "<group>";
		};
		CC1F10481CF4B45B0001E64E /* DieBag */ = {
			isa = PBXGroup;
			children = (
				CC1F10491CF4B45B0001E64E /* AppDelegate.swift */,
				CC1F106D1CF4DE6F0001E64E /* DiceChoiceViewController.swift */,
				CC1F105B1CF4B5020001E64E /* DiceCollectionViewController.swift */,
				CC35DA281CFF866A00FAD85E /* DiceCollectionHeaderView.swift */,
				CC0BEC661CF5E4370020FD8A /* DiceyCollectionVC.h */,
				CC0BEC671CF5E4370020FD8A /* DiceyCollectionVC.m */,
				CC1F105D1CF4B5380001E64E /* Dice.swift */,
				CC1F105F1CF4B8210001E64E /* DCVC+delegate.swift */,
				CC1F10611CF4B8430001E64E /* DCVC+datasource.swift */,
				CC1F104D1CF4B45B0001E64E /* Main.storyboard */,
				CC1F10501CF4B45B0001E64E /* Assets.xcassets */,
				CC1F10521CF4B45B0001E64E /* LaunchScreen.storyboard */,
				CC1F10551CF4B45B0001E64E /* Info.plist */,
			);
			path = DieBag;
			sourceTree = "<group>";
		};
		CC6D0BE11D05DBDF001FD938 /* Vendor */ = {
			isa = PBXGroup;
			children = (
				CC6D0BE21D05DC20001FD938 /* HockeySDK.embeddedframework */,
			);
			name = Vendor;
			sourceTree = "<group>";
		};
		CC6D0BE21D05DC20001FD938 /* HockeySDK.embeddedframework */ = {
			isa = PBXGroup;
			children = (
				CC6D0BE31D05DC20001FD938 /* HockeySDK.framework */,
				CC6D0BE41D05DC20001FD938 /* Resources */,
			);
			name = HockeySDK.embeddedframework;
			path = "Vendor/HockeySDK-iOS/HockeySDK.embeddedframework";
			sourceTree = "<group>";
		};
		CC6D0BE41D05DC20001FD938 /* Resources */ = {
			isa = PBXGroup;
			children = (
				CC6D0BE51D05DC20001FD938 /* HockeySDKResources.bundle */,
			);
			path = Resources;
			sourceTree = "<group>";
		};
/* End PBXGroup section */

/* Begin PBXNativeTarget section */
		CC1F10451CF4B45B0001E64E /* DieBag */ = {
			isa = PBXNativeTarget;
			buildConfigurationList = CC1F10581CF4B45B0001E64E /* Build configuration list for PBXNativeTarget "DieBag" */;
			buildPhases = (
				CC1F10421CF4B45B0001E64E /* Sources */,
				CC1F10431CF4B45B0001E64E /* Frameworks */,
				CC1F10441CF4B45B0001E64E /* Resources */,
				CC6D0BDA1D05D8EF001FD938 /* ShellScript */,
			);
			buildRules = (
			);
			dependencies = (
			);
			name = DieBag;
			productName = DieBag;
			productReference = CC1F10461CF4B45B0001E64E /* DieBag.app */;
			productType = "com.apple.product-type.application";
		};
/* End PBXNativeTarget section */

/* Begin PBXProject section */
		CC1F103E1CF4B45B0001E64E /* Project object */ = {
			isa = PBXProject;
			attributes = {
				LastSwiftUpdateCheck = 0730;
				LastUpgradeCheck = 0730;
				ORGANIZATIONNAME = "Steve Graff";
				TargetAttributes = {
					CC1F10451CF4B45B0001E64E = {
						CreatedOnToolsVersion = 7.3;
						DevelopmentTeam = GX5E6KYLVQ;
					};
				};
			};
			buildConfigurationList = CC1F10411CF4B45B0001E64E /* Build configuration list for PBXProject "DieBag" */;
			compatibilityVersion = "Xcode 3.2";
			developmentRegion = English;
			hasScannedForEncodings = 0;
			knownRegions = (
				en,
				Base,
			);
			mainGroup = CC1F103D1CF4B45B0001E64E;
			productRefGroup = CC1F10471CF4B45B0001E64E /* Products */;
			projectDirPath = "";
			projectRoot = "";
			targets = (
				CC1F10451CF4B45B0001E64E /* DieBag */,
			);
		};
/* End PBXProject section */

/* Begin PBXResourcesBuildPhase section */
		CC1F10441CF4B45B0001E64E /* Resources */ = {
			isa = PBXResourcesBuildPhase;
			buildActionMask = 2147483647;
			files = (
				CC1F10541CF4B45B0001E64E /* LaunchScreen.storyboard in Resources */,
				CC6D0BE71D05DC20001FD938 /* HockeySDKResources.bundle in Resources */,
				CC1F10511CF4B45B0001E64E /* Assets.xcassets in Resources */,
				CC1F104F1CF4B45B0001E64E /* Main.storyboard in Resources */,
			);
			runOnlyForDeploymentPostprocessing = 0;
		};
/* End PBXResourcesBuildPhase section */

/* Begin PBXShellScriptBuildPhase section */
		CC6D0BDA1D05D8EF001FD938 /* ShellScript */ = {
			isa = PBXShellScriptBuildPhase;
			buildActionMask = 2147483647;
			files = (
			);
			inputPaths = (
			);
			outputPaths = (
			);
			runOnlyForDeploymentPostprocessing = 0;
			shellPath = /bin/sh;
			shellScript = "FILE=\"${SRCROOT}/HockeySDK-iOS/BuildAgent\"\nif [ -f \"$FILE\" ]; then\n\"$FILE\"\nfi";
		};
/* End PBXShellScriptBuildPhase section */

/* Begin PBXSourcesBuildPhase section */
		CC1F10421CF4B45B0001E64E /* Sources */ = {
			isa = PBXSourcesBuildPhase;
			buildActionMask = 2147483647;
			files = (
				CC1F106E1CF4DE6F0001E64E /* DiceChoiceViewController.swift in Sources */,
				CC1F10601CF4B8210001E64E /* DCVC+delegate.swift in Sources */,
				CC0BEC681CF5E4370020FD8A /* DiceyCollectionVC.m in Sources */,
				CC1F10621CF4B8430001E64E /* DCVC+datasource.swift in Sources */,
				CC1F105C1CF4B5020001E64E /* DiceCollectionViewController.swift in Sources */,
				CC1F105E1CF4B5380001E64E /* Dice.swift in Sources */,
				CC35DA291CFF866A00FAD85E /* DiceCollectionHeaderView.swift in Sources */,
				CC1F104A1CF4B45B0001E64E /* AppDelegate.swift in Sources */,
			);
			runOnlyForDeploymentPostprocessing = 0;
		};
/* End PBXSourcesBuildPhase section */

/* Begin PBXVariantGroup section */
		CC1F104D1CF4B45B0001E64E /* Main.storyboard */ = {
			isa = PBXVariantGroup;
			children = (
				CC1F104E1CF4B45B0001E64E /* Base */,
			);
			name = Main.storyboard;
			sourceTree = "<group>";
		};
		CC1F10521CF4B45B0001E64E /* LaunchScreen.storyboard */ = {
			isa = PBXVariantGroup;
			children = (
				CC1F10531CF4B45B0001E64E /* Base */,
			);
			name = LaunchScreen.storyboard;
			sourceTree = "<group>";
		};
/* End PBXVariantGroup section */

/* Begin XCBuildConfiguration section */
		CC1F10561CF4B45B0001E64E /* Debug */ = {
			isa = XCBuildConfiguration;
			buildSettings = {
				ALWAYS_SEARCH_USER_PATHS = NO;
				CLANG_ANALYZER_NONNULL = YES;
				CLANG_CXX_LANGUAGE_STANDARD = "gnu++0x";
				CLANG_CXX_LIBRARY = "libc++";
				CLANG_ENABLE_MODULES = YES;
				CLANG_ENABLE_OBJC_ARC = YES;
				CLANG_WARN_BOOL_CONVERSION = YES;
				CLANG_WARN_CONSTANT_CONVERSION = YES;
				CLANG_WARN_DIRECT_OBJC_ISA_USAGE = YES_ERROR;
				CLANG_WARN_EMPTY_BODY = YES;
				CLANG_WARN_ENUM_CONVERSION = YES;
				CLANG_WARN_INT_CONVERSION = YES;
				CLANG_WARN_OBJC_ROOT_CLASS = YES_ERROR;
				CLANG_WARN_UNREACHABLE_CODE = YES;
				CLANG_WARN__DUPLICATE_METHOD_MATCH = YES;
				"CODE_SIGN_IDENTITY[sdk=iphoneos*]" = "iPhone Developer";
				COPY_PHASE_STRIP = NO;
				DEBUG_INFORMATION_FORMAT = dwarf;
				ENABLE_STRICT_OBJC_MSGSEND = YES;
				ENABLE_TESTABILITY = YES;
				GCC_C_LANGUAGE_STANDARD = gnu99;
				GCC_DYNAMIC_NO_PIC = NO;
				GCC_NO_COMMON_BLOCKS = YES;
				GCC_OPTIMIZATION_LEVEL = 0;
				GCC_PREPROCESSOR_DEFINITIONS = (
					"DEBUG=1",
					"$(inherited)",
				);
				GCC_WARN_64_TO_32_BIT_CONVERSION = YES;
				GCC_WARN_ABOUT_RETURN_TYPE = YES_ERROR;
				GCC_WARN_UNDECLARED_SELECTOR = YES;
				GCC_WARN_UNINITIALIZED_AUTOS = YES_AGGRESSIVE;
				GCC_WARN_UNUSED_FUNCTION = YES;
				GCC_WARN_UNUSED_VARIABLE = YES;
				IPHONEOS_DEPLOYMENT_TARGET = 9.3;
				MTL_ENABLE_DEBUG_INFO = YES;
				ONLY_ACTIVE_ARCH = YES;
				SDKROOT = iphoneos;
				SWIFT_OPTIMIZATION_LEVEL = "-Onone";
				TARGETED_DEVICE_FAMILY = "1,2";
			};
			name = Debug;
		};
		CC1F10571CF4B45B0001E64E /* Release */ = {
			isa = XCBuildConfiguration;
			buildSettings = {
				ALWAYS_SEARCH_USER_PATHS = NO;
				CLANG_ANALYZER_NONNULL = YES;
				CLANG_CXX_LANGUAGE_STANDARD = "gnu++0x";
				CLANG_CXX_LIBRARY = "libc++";
				CLANG_ENABLE_MODULES = YES;
				CLANG_ENABLE_OBJC_ARC = YES;
				CLANG_WARN_BOOL_CONVERSION = YES;
				CLANG_WARN_CONSTANT_CONVERSION = YES;
				CLANG_WARN_DIRECT_OBJC_ISA_USAGE = YES_ERROR;
				CLANG_WARN_EMPTY_BODY = YES;
				CLANG_WARN_ENUM_CONVERSION = YES;
				CLANG_WARN_INT_CONVERSION = YES;
				CLANG_WARN_OBJC_ROOT_CLASS = YES_ERROR;
				CLANG_WARN_UNREACHABLE_CODE = YES;
				CLANG_WARN__DUPLICATE_METHOD_MATCH = YES;
				"CODE_SIGN_IDENTITY[sdk=iphoneos*]" = "iPhone Developer";
				COPY_PHASE_STRIP = NO;
				DEBUG_INFORMATION_FORMAT = "dwarf-with-dsym";
				ENABLE_NS_ASSERTIONS = NO;
				ENABLE_STRICT_OBJC_MSGSEND = YES;
				GCC_C_LANGUAGE_STANDARD = gnu99;
				GCC_NO_COMMON_BLOCKS = YES;
				GCC_WARN_64_TO_32_BIT_CONVERSION = YES;
				GCC_WARN_ABOUT_RETURN_TYPE = YES_ERROR;
				GCC_WARN_UNDECLARED_SELECTOR = YES;
				GCC_WARN_UNINITIALIZED_AUTOS = YES_AGGRESSIVE;
				GCC_WARN_UNUSED_FUNCTION = YES;
				GCC_WARN_UNUSED_VARIABLE = YES;
				IPHONEOS_DEPLOYMENT_TARGET = 9.3;
				MTL_ENABLE_DEBUG_INFO = NO;
				SDKROOT = iphoneos;
				TARGETED_DEVICE_FAMILY = "1,2";
				VALIDATE_PRODUCT = YES;
			};
			name = Release;
		};
		CC1F10591CF4B45B0001E64E /* Debug */ = {
			isa = XCBuildConfiguration;
			buildSettings = {
				ASSETCATALOG_COMPILER_APPICON_NAME = AppIcon;
				CLANG_ENABLE_MODULES = YES;
				CODE_SIGN_IDENTITY = "iPhone Developer";
				FRAMEWORK_SEARCH_PATHS = (
					"$(inherited)",
					"$(PROJECT_DIR)/HockeySDK-iOS/HockeySDK.embeddedframework",
					"$(PROJECT_DIR)/Vendor/HockeySDK-iOS/HockeySDK.embeddedframework",
				);
				INFOPLIST_FILE = DieBag/Info.plist;
				LD_RUNPATH_SEARCH_PATHS = "$(inherited) @executable_path/Frameworks";
				PRODUCT_BUNDLE_IDENTIFIER = "Steve-Graff.DieBag";
				PRODUCT_NAME = "$(TARGET_NAME)";
				SWIFT_OBJC_BRIDGING_HEADER = "DieBag-Bridging-Header.h";
				SWIFT_OPTIMIZATION_LEVEL = "-Onone";
			};
			name = Debug;
		};
		CC1F105A1CF4B45B0001E64E /* Release */ = {
			isa = XCBuildConfiguration;
			buildSettings = {
				ASSETCATALOG_COMPILER_APPICON_NAME = AppIcon;
				CLANG_ENABLE_MODULES = YES;
				CODE_SIGN_IDENTITY = "iPhone Developer";
				FRAMEWORK_SEARCH_PATHS = (
					"$(inherited)",
					"$(PROJECT_DIR)/HockeySDK-iOS/HockeySDK.embeddedframework",
					"$(PROJECT_DIR)/Vendor/HockeySDK-iOS/HockeySDK.embeddedframework",
				);
				INFOPLIST_FILE = DieBag/Info.plist;
				LD_RUNPATH_SEARCH_PATHS = "$(inherited) @executable_path/Frameworks";
				PRODUCT_BUNDLE_IDENTIFIER = "Steve-Graff.DieBag";
				PRODUCT_NAME = "$(TARGET_NAME)";
				SWIFT_OBJC_BRIDGING_HEADER = "DieBag-Bridging-Header.h";
			};
			name = Release;
		};
/* End XCBuildConfiguration section */

/* Begin XCConfigurationList section */
		CC1F10411CF4B45B0001E64E /* Build configuration list for PBXProject "DieBag" */ = {
			isa = XCConfigurationList;
			buildConfigurations = (
				CC1F10561CF4B45B0001E64E /* Debug */,
				CC1F10571CF4B45B0001E64E /* Release */,
			);
			defaultConfigurationIsVisible = 0;
			defaultConfigurationName = Release;
		};
		CC1F10581CF4B45B0001E64E /* Build configuration list for PBXNativeTarget "DieBag" */ = {
			isa = XCConfigurationList;
			buildConfigurations = (
				CC1F10591CF4B45B0001E64E /* Debug */,
				CC1F105A1CF4B45B0001E64E /* Release */,
			);
			defaultConfigurationIsVisible = 0;
			defaultConfigurationName = Release;
		};
/* End XCConfigurationList section */
	};
	rootObject = CC1F103E1CF4B45B0001E64E /* Project object */;
}
