// !$*UTF8*$!
{
	archiveVersion = 1;
	classes = {
	};
	objectVersion = 46;
	objects = {

/* Begin PBXBuildFile section */
		CC3D8B801CE50CBB000EA68D /* digital-7.ttf in Resources */ = {isa = PBXBuildFile; fileRef = CC600C2A1CE50B3E00520B74 /* digital-7.ttf */; };
		CC600C151CE4EF0300520B74 /* AppDelegate.swift in Sources */ = {isa = PBXBuildFile; fileRef = CC600C141CE4EF0300520B74 /* AppDelegate.swift */; };
		CC600C171CE4EF0300520B74 /* TimeCircuitsViewController.swift in Sources */ = {isa = PBXBuildFile; fileRef = CC600C161CE4EF0300520B74 /* TimeCircuitsViewController.swift */; };
		CC600C1A1CE4EF0300520B74 /* Main.storyboard in Resources */ = {isa = PBXBuildFile; fileRef = CC600C181CE4EF0300520B74 /* Main.storyboard */; };
		CC600C1C1CE4EF0300520B74 /* Assets.xcassets in Resources */ = {isa = PBXBuildFile; fileRef = CC600C1B1CE4EF0300520B74 /* Assets.xcassets */; };
		CC600C1F1CE4EF0300520B74 /* LaunchScreen.storyboard in Resources */ = {isa = PBXBuildFile; fileRef = CC600C1D1CE4EF0300520B74 /* LaunchScreen.storyboard */; };
		CC600C291CE5040900520B74 /* DestinationTimeViewController.swift in Sources */ = {isa = PBXBuildFile; fileRef = CC600C281CE5040900520B74 /* DestinationTimeViewController.swift */; };
/* End PBXBuildFile section */

/* Begin PBXFileReference section */
		CC600C111CE4EF0300520B74 /* OutaTimeSwift.app */ = {isa = PBXFileReference; explicitFileType = wrapper.application; includeInIndex = 0; path = OutaTimeSwift.app; sourceTree = BUILT_PRODUCTS_DIR; };
		CC600C141CE4EF0300520B74 /* AppDelegate.swift */ = {isa = PBXFileReference; lastKnownFileType = sourcecode.swift; path = AppDelegate.swift; sourceTree = "<group>"; };
		CC600C161CE4EF0300520B74 /* TimeCircuitsViewController.swift */ = {isa = PBXFileReference; lastKnownFileType = sourcecode.swift; path = TimeCircuitsViewController.swift; sourceTree = "<group>"; };
		CC600C191CE4EF0300520B74 /* Base */ = {isa = PBXFileReference; lastKnownFileType = file.storyboard; name = Base; path = Base.lproj/Main.storyboard; sourceTree = "<group>"; };
		CC600C1B1CE4EF0300520B74 /* Assets.xcassets */ = {isa = PBXFileReference; lastKnownFileType = folder.assetcatalog; path = Assets.xcassets; sourceTree = "<group>"; };
		CC600C1E1CE4EF0300520B74 /* Base */ = {isa = PBXFileReference; lastKnownFileType = file.storyboard; name = Base; path = Base.lproj/LaunchScreen.storyboard; sourceTree = "<group>"; };
		CC600C201CE4EF0300520B74 /* Info.plist */ = {isa = PBXFileReference; lastKnownFileType = text.plist.xml; path = Info.plist; sourceTree = "<group>"; };
		CC600C281CE5040900520B74 /* DestinationTimeViewController.swift */ = {isa = PBXFileReference; fileEncoding = 4; lastKnownFileType = sourcecode.swift; path = DestinationTimeViewController.swift; sourceTree = "<group>"; };
		CC600C2A1CE50B3E00520B74 /* digital-7.ttf */ = {isa = PBXFileReference; lastKnownFileType = file; path = "digital-7.ttf"; sourceTree = "<group>"; };
/* End PBXFileReference section */

/* Begin PBXFrameworksBuildPhase section */
		CC600C0E1CE4EF0300520B74 /* Frameworks */ = {
			isa = PBXFrameworksBuildPhase;
			buildActionMask = 2147483647;
			files = (
			);
			runOnlyForDeploymentPostprocessing = 0;
		};
/* End PBXFrameworksBuildPhase section */

/* Begin PBXGroup section */
		CC600C081CE4EF0300520B74 = {
			isa = PBXGroup;
			children = (
				CC600C131CE4EF0300520B74 /* OutaTimeSwift */,
				CC600C121CE4EF0300520B74 /* Products */,
			);
			sourceTree = "<group>";
		};
		CC600C121CE4EF0300520B74 /* Products */ = {
			isa = PBXGroup;
			children = (
				CC600C111CE4EF0300520B74 /* OutaTimeSwift.app */,
			);
			name = Products;
			sourceTree = "<group>";
		};
		CC600C131CE4EF0300520B74 /* OutaTimeSwift */ = {
			isa = PBXGroup;
			children = (
				CC600C141CE4EF0300520B74 /* AppDelegate.swift */,
				CC600C161CE4EF0300520B74 /* TimeCircuitsViewController.swift */,
				CC600C281CE5040900520B74 /* DestinationTimeViewController.swift */,
				CC600C181CE4EF0300520B74 /* Main.storyboard */,
				CC600C1B1CE4EF0300520B74 /* Assets.xcassets */,
				CC600C1D1CE4EF0300520B74 /* LaunchScreen.storyboard */,
				CC600C201CE4EF0300520B74 /* Info.plist */,
				CC600C2A1CE50B3E00520B74 /* digital-7.ttf */,
			);
			path = OutaTimeSwift;
			sourceTree = "<group>";
		};
/* End PBXGroup section */

/* Begin PBXNativeTarget section */
		CC600C101CE4EF0300520B74 /* OutaTimeSwift */ = {
			isa = PBXNativeTarget;
			buildConfigurationList = CC600C231CE4EF0300520B74 /* Build configuration list for PBXNativeTarget "OutaTimeSwift" */;
			buildPhases = (
				CC600C0D1CE4EF0300520B74 /* Sources */,
				CC600C0E1CE4EF0300520B74 /* Frameworks */,
				CC600C0F1CE4EF0300520B74 /* Resources */,
			);
			buildRules = (
			);
			dependencies = (
			);
			name = OutaTimeSwift;
			productName = OutaTimeSwift;
			productReference = CC600C111CE4EF0300520B74 /* OutaTimeSwift.app */;
			productType = "com.apple.product-type.application";
		};
/* End PBXNativeTarget section */

/* Begin PBXProject section */
		CC600C091CE4EF0300520B74 /* Project object */ = {
			isa = PBXProject;
			attributes = {
				LastSwiftUpdateCheck = 0730;
				LastUpgradeCheck = 0730;
				ORGANIZATIONNAME = "Steve Graff";
				TargetAttributes = {
					CC600C101CE4EF0300520B74 = {
						CreatedOnToolsVersion = 7.3;
						DevelopmentTeam = U974956332;
					};
				};
			};
			buildConfigurationList = CC600C0C1CE4EF0300520B74 /* Build configuration list for PBXProject "OutaTimeSwift" */;
			compatibilityVersion = "Xcode 3.2";
			developmentRegion = English;
			hasScannedForEncodings = 0;
			knownRegions = (
				en,
				Base,
			);
			mainGroup = CC600C081CE4EF0300520B74;
			productRefGroup = CC600C121CE4EF0300520B74 /* Products */;
			projectDirPath = "";
			projectRoot = "";
			targets = (
				CC600C101CE4EF0300520B74 /* OutaTimeSwift */,
			);
		};
/* End PBXProject section */

/* Begin PBXResourcesBuildPhase section */
		CC600C0F1CE4EF0300520B74 /* Resources */ = {
			isa = PBXResourcesBuildPhase;
			buildActionMask = 2147483647;
			files = (
				CC600C1F1CE4EF0300520B74 /* LaunchScreen.storyboard in Resources */,
				CC600C1C1CE4EF0300520B74 /* Assets.xcassets in Resources */,
				CC600C1A1CE4EF0300520B74 /* Main.storyboard in Resources */,
				CC3D8B801CE50CBB000EA68D /* digital-7.ttf in Resources */,
			);
			runOnlyForDeploymentPostprocessing = 0;
		};
/* End PBXResourcesBuildPhase section */

/* Begin PBXSourcesBuildPhase section */
		CC600C0D1CE4EF0300520B74 /* Sources */ = {
			isa = PBXSourcesBuildPhase;
			buildActionMask = 2147483647;
			files = (
				CC600C291CE5040900520B74 /* DestinationTimeViewController.swift in Sources */,
				CC600C171CE4EF0300520B74 /* TimeCircuitsViewController.swift in Sources */,
				CC600C151CE4EF0300520B74 /* AppDelegate.swift in Sources */,
			);
			runOnlyForDeploymentPostprocessing = 0;
		};
/* End PBXSourcesBuildPhase section */

/* Begin PBXVariantGroup section */
		CC600C181CE4EF0300520B74 /* Main.storyboard */ = {
			isa = PBXVariantGroup;
			children = (
				CC600C191CE4EF0300520B74 /* Base */,
			);
			name = Main.storyboard;
			sourceTree = "<group>";
		};
		CC600C1D1CE4EF0300520B74 /* LaunchScreen.storyboard */ = {
			isa = PBXVariantGroup;
			children = (
				CC600C1E1CE4EF0300520B74 /* Base */,
			);
			name = LaunchScreen.storyboard;
			sourceTree = "<group>";
		};
/* End PBXVariantGroup section */

/* Begin XCBuildConfiguration section */
		CC600C211CE4EF0300520B74 /* Debug */ = {
			isa = XCBuildConfiguration;
			buildSettings = {
				ALWAYS_SEARCH_USER_PATHS = NO;
				CLANG_ANALYZER_NONNULL = YES;
				CLANG_CXX_LANGUAGE_STANDARD = "gnu++0x";
				CLANG_CXX_LIBRARY = "libc++";
				CLANG_ENABLE_MODULES = YES;
				CLANG_ENABLE_OBJC_ARC = YES;
				CLANG_WARN_BOOL_CONVERSION = YES;
				CLANG_WARN_CONSTANT_CONVERSION = YES;
				CLANG_WARN_DIRECT_OBJC_ISA_USAGE = YES_ERROR;
				CLANG_WARN_EMPTY_BODY = YES;
				CLANG_WARN_ENUM_CONVERSION = YES;
				CLANG_WARN_INT_CONVERSION = YES;
				CLANG_WARN_OBJC_ROOT_CLASS = YES_ERROR;
				CLANG_WARN_UNREACHABLE_CODE = YES;
				CLANG_WARN__DUPLICATE_METHOD_MATCH = YES;
				"CODE_SIGN_IDENTITY[sdk=iphoneos*]" = "iPhone Developer";
				COPY_PHASE_STRIP = NO;
				DEBUG_INFORMATION_FORMAT = dwarf;
				ENABLE_STRICT_OBJC_MSGSEND = YES;
				ENABLE_TESTABILITY = YES;
				GCC_C_LANGUAGE_STANDARD = gnu99;
				GCC_DYNAMIC_NO_PIC = NO;
				GCC_NO_COMMON_BLOCKS = YES;
				GCC_OPTIMIZATION_LEVEL = 0;
				GCC_PREPROCESSOR_DEFINITIONS = (
					"DEBUG=1",
					"$(inherited)",
				);
				GCC_WARN_64_TO_32_BIT_CONVERSION = YES;
				GCC_WARN_ABOUT_RETURN_TYPE = YES_ERROR;
				GCC_WARN_UNDECLARED_SELECTOR = YES;
				GCC_WARN_UNINITIALIZED_AUTOS = YES_AGGRESSIVE;
				GCC_WARN_UNUSED_FUNCTION = YES;
				GCC_WARN_UNUSED_VARIABLE = YES;
				IPHONEOS_DEPLOYMENT_TARGET = 9.3;
				MTL_ENABLE_DEBUG_INFO = YES;
				ONLY_ACTIVE_ARCH = YES;
				SDKROOT = iphoneos;
				SWIFT_OPTIMIZATION_LEVEL = "-Onone";
				TARGETED_DEVICE_FAMILY = "1,2";
			};
			name = Debug;
		};
		CC600C221CE4EF0300520B74 /* Release */ = {
			isa = XCBuildConfiguration;
			buildSettings = {
				ALWAYS_SEARCH_USER_PATHS = NO;
				CLANG_ANALYZER_NONNULL = YES;
				CLANG_CXX_LANGUAGE_STANDARD = "gnu++0x";
				CLANG_CXX_LIBRARY = "libc++";
				CLANG_ENABLE_MODULES = YES;
				CLANG_ENABLE_OBJC_ARC = YES;
				CLANG_WARN_BOOL_CONVERSION = YES;
				CLANG_WARN_CONSTANT_CONVERSION = YES;
				CLANG_WARN_DIRECT_OBJC_ISA_USAGE = YES_ERROR;
				CLANG_WARN_EMPTY_BODY = YES;
				CLANG_WARN_ENUM_CONVERSION = YES;
				CLANG_WARN_INT_CONVERSION = YES;
				CLANG_WARN_OBJC_ROOT_CLASS = YES_ERROR;
				CLANG_WARN_UNREACHABLE_CODE = YES;
				CLANG_WARN__DUPLICATE_METHOD_MATCH = YES;
				"CODE_SIGN_IDENTITY[sdk=iphoneos*]" = "iPhone Developer";
				COPY_PHASE_STRIP = NO;
				DEBUG_INFORMATION_FORMAT = "dwarf-with-dsym";
				ENABLE_NS_ASSERTIONS = NO;
				ENABLE_STRICT_OBJC_MSGSEND = YES;
				GCC_C_LANGUAGE_STANDARD = gnu99;
				GCC_NO_COMMON_BLOCKS = YES;
				GCC_WARN_64_TO_32_BIT_CONVERSION = YES;
				GCC_WARN_ABOUT_RETURN_TYPE = YES_ERROR;
				GCC_WARN_UNDECLARED_SELECTOR = YES;
				GCC_WARN_UNINITIALIZED_AUTOS = YES_AGGRESSIVE;
				GCC_WARN_UNUSED_FUNCTION = YES;
				GCC_WARN_UNUSED_VARIABLE = YES;
				IPHONEOS_DEPLOYMENT_TARGET = 9.3;
				MTL_ENABLE_DEBUG_INFO = NO;
				SDKROOT = iphoneos;
				TARGETED_DEVICE_FAMILY = "1,2";
				VALIDATE_PRODUCT = YES;
			};
			name = Release;
		};
		CC600C241CE4EF0300520B74 /* Debug */ = {
			isa = XCBuildConfiguration;
			buildSettings = {
				ASSETCATALOG_COMPILER_APPICON_NAME = AppIcon;
				INFOPLIST_FILE = OutaTimeSwift/Info.plist;
				LD_RUNPATH_SEARCH_PATHS = "$(inherited) @executable_path/Frameworks";
				PRODUCT_BUNDLE_IDENTIFIER = "Steve-Graff.OutaTimeSwift";
				PRODUCT_NAME = "$(TARGET_NAME)";
			};
			name = Debug;
		};
		CC600C251CE4EF0300520B74 /* Release */ = {
			isa = XCBuildConfiguration;
			buildSettings = {
				ASSETCATALOG_COMPILER_APPICON_NAME = AppIcon;
				INFOPLIST_FILE = OutaTimeSwift/Info.plist;
				LD_RUNPATH_SEARCH_PATHS = "$(inherited) @executable_path/Frameworks";
				PRODUCT_BUNDLE_IDENTIFIER = "Steve-Graff.OutaTimeSwift";
				PRODUCT_NAME = "$(TARGET_NAME)";
			};
			name = Release;
		};
/* End XCBuildConfiguration section */

/* Begin XCConfigurationList section */
		CC600C0C1CE4EF0300520B74 /* Build configuration list for PBXProject "OutaTimeSwift" */ = {
			isa = XCConfigurationList;
			buildConfigurations = (
				CC600C211CE4EF0300520B74 /* Debug */,
				CC600C221CE4EF0300520B74 /* Release */,
			);
			defaultConfigurationIsVisible = 0;
			defaultConfigurationName = Release;
		};
		CC600C231CE4EF0300520B74 /* Build configuration list for PBXNativeTarget "OutaTimeSwift" */ = {
			isa = XCConfigurationList;
			buildConfigurations = (
				CC600C241CE4EF0300520B74 /* Debug */,
				CC600C251CE4EF0300520B74 /* Release */,
			);
			defaultConfigurationIsVisible = 0;
			defaultConfigurationName = Release;
		};
/* End XCConfigurationList section */
	};
	rootObject = CC600C091CE4EF0300520B74 /* Project object */;
}
