// !$*UTF8*$!
{
	archiveVersion = 1;
	classes = {
	};
	objectVersion = 46;
	objects = {

/* Begin PBXBuildFile section */
		CC678A711CE647DC00163F6F /* AppDelegate.swift in Sources */ = {isa = PBXBuildFile; fileRef = CC678A701CE647DC00163F6F /* AppDelegate.swift */; };
		CC678A731CE647DC00163F6F /* CarLocationViewController.swift in Sources */ = {isa = PBXBuildFile; fileRef = CC678A721CE647DC00163F6F /* CarLocationViewController.swift */; };
		CC678A761CE647DC00163F6F /* Main.storyboard in Resources */ = {isa = PBXBuildFile; fileRef = CC678A741CE647DC00163F6F /* Main.storyboard */; };
		CC678A781CE647DC00163F6F /* Assets.xcassets in Resources */ = {isa = PBXBuildFile; fileRef = CC678A771CE647DC00163F6F /* Assets.xcassets */; };
		CC678A7B1CE647DC00163F6F /* LaunchScreen.storyboard in Resources */ = {isa = PBXBuildFile; fileRef = CC678A791CE647DC00163F6F /* LaunchScreen.storyboard */; };
		CC7B05E91CE9F1E7007BE230 /* MapKit.framework in Frameworks */ = {isa = PBXBuildFile; fileRef = CC7B05E81CE9F1E7007BE230 /* MapKit.framework */; };
		CC9886F51CEA240C006A3DD9 /* PopoverLocationViewController.swift in Sources */ = {isa = PBXBuildFile; fileRef = CC9886F41CEA240C006A3DD9 /* PopoverLocationViewController.swift */; };
/* End PBXBuildFile section */

/* Begin PBXFileReference section */
		CC678A6D1CE647DB00163F6F /* DudeWheresMyCar.app */ = {isa = PBXFileReference; explicitFileType = wrapper.application; includeInIndex = 0; path = DudeWheresMyCar.app; sourceTree = BUILT_PRODUCTS_DIR; };
		CC678A701CE647DC00163F6F /* AppDelegate.swift */ = {isa = PBXFileReference; lastKnownFileType = sourcecode.swift; path = AppDelegate.swift; sourceTree = "<group>"; };
		CC678A721CE647DC00163F6F /* CarLocationViewController.swift */ = {isa = PBXFileReference; lastKnownFileType = sourcecode.swift; path = CarLocationViewController.swift; sourceTree = "<group>"; };
		CC678A751CE647DC00163F6F /* Base */ = {isa = PBXFileReference; lastKnownFileType = file.storyboard; name = Base; path = Base.lproj/Main.storyboard; sourceTree = "<group>"; };
		CC678A771CE647DC00163F6F /* Assets.xcassets */ = {isa = PBXFileReference; lastKnownFileType = folder.assetcatalog; path = Assets.xcassets; sourceTree = "<group>"; };
		CC678A7A1CE647DC00163F6F /* Base */ = {isa = PBXFileReference; lastKnownFileType = file.storyboard; name = Base; path = Base.lproj/LaunchScreen.storyboard; sourceTree = "<group>"; };
		CC678A7C1CE647DC00163F6F /* Info.plist */ = {isa = PBXFileReference; lastKnownFileType = text.plist.xml; path = Info.plist; sourceTree = "<group>"; };
		CC7B05E81CE9F1E7007BE230 /* MapKit.framework */ = {isa = PBXFileReference; lastKnownFileType = wrapper.framework; name = MapKit.framework; path = System/Library/Frameworks/MapKit.framework; sourceTree = SDKROOT; };
		CC9886F41CEA240C006A3DD9 /* PopoverLocationViewController.swift */ = {isa = PBXFileReference; fileEncoding = 4; lastKnownFileType = sourcecode.swift; path = PopoverLocationViewController.swift; sourceTree = "<group>"; };
/* End PBXFileReference section */

/* Begin PBXFrameworksBuildPhase section */
		CC678A6A1CE647DB00163F6F /* Frameworks */ = {
			isa = PBXFrameworksBuildPhase;
			buildActionMask = 2147483647;
			files = (
				CC7B05E91CE9F1E7007BE230 /* MapKit.framework in Frameworks */,
			);
			runOnlyForDeploymentPostprocessing = 0;
		};
/* End PBXFrameworksBuildPhase section */

/* Begin PBXGroup section */
		CC678A641CE647DB00163F6F = {
			isa = PBXGroup;
			children = (
				CC7B05E81CE9F1E7007BE230 /* MapKit.framework */,
				CC678A6F1CE647DC00163F6F /* DudeWheresMyCar */,
				CC678A6E1CE647DB00163F6F /* Products */,
			);
			sourceTree = "<group>";
		};
		CC678A6E1CE647DB00163F6F /* Products */ = {
			isa = PBXGroup;
			children = (
				CC678A6D1CE647DB00163F6F /* DudeWheresMyCar.app */,
			);
			name = Products;
			sourceTree = "<group>";
		};
		CC678A6F1CE647DC00163F6F /* DudeWheresMyCar */ = {
			isa = PBXGroup;
			children = (
				CC678A701CE647DC00163F6F /* AppDelegate.swift */,
				CC678A721CE647DC00163F6F /* CarLocationViewController.swift */,
				CC9886F41CEA240C006A3DD9 /* PopoverLocationViewController.swift */,
				CC678A741CE647DC00163F6F /* Main.storyboard */,
				CC678A771CE647DC00163F6F /* Assets.xcassets */,
				CC678A791CE647DC00163F6F /* LaunchScreen.storyboard */,
				CC678A7C1CE647DC00163F6F /* Info.plist */,
			);
			path = DudeWheresMyCar;
			sourceTree = "<group>";
		};
/* End PBXGroup section */

/* Begin PBXNativeTarget section */
		CC678A6C1CE647DB00163F6F /* DudeWheresMyCar */ = {
			isa = PBXNativeTarget;
			buildConfigurationList = CC678A7F1CE647DC00163F6F /* Build configuration list for PBXNativeTarget "DudeWheresMyCar" */;
			buildPhases = (
				CC678A691CE647DB00163F6F /* Sources */,
				CC678A6A1CE647DB00163F6F /* Frameworks */,
				CC678A6B1CE647DB00163F6F /* Resources */,
			);
			buildRules = (
			);
			dependencies = (
			);
			name = DudeWheresMyCar;
			productName = DudeWheresMyCar;
			productReference = CC678A6D1CE647DB00163F6F /* DudeWheresMyCar.app */;
			productType = "com.apple.product-type.application";
		};
/* End PBXNativeTarget section */

/* Begin PBXProject section */
		CC678A651CE647DB00163F6F /* Project object */ = {
			isa = PBXProject;
			attributes = {
				LastSwiftUpdateCheck = 0730;
				LastUpgradeCheck = 0730;
				ORGANIZATIONNAME = "Steve Graff";
				TargetAttributes = {
					CC678A6C1CE647DB00163F6F = {
						CreatedOnToolsVersion = 7.3;
						DevelopmentTeam = U974956332;
						SystemCapabilities = {
							com.apple.Maps.iOS = {
								enabled = 1;
							};
						};
					};
				};
			};
			buildConfigurationList = CC678A681CE647DB00163F6F /* Build configuration list for PBXProject "DudeWheresMyCar" */;
			compatibilityVersion = "Xcode 3.2";
			developmentRegion = English;
			hasScannedForEncodings = 0;
			knownRegions = (
				en,
				Base,
			);
			mainGroup = CC678A641CE647DB00163F6F;
			productRefGroup = CC678A6E1CE647DB00163F6F /* Products */;
			projectDirPath = "";
			projectRoot = "";
			targets = (
				CC678A6C1CE647DB00163F6F /* DudeWheresMyCar */,
			);
		};
/* End PBXProject section */

/* Begin PBXResourcesBuildPhase section */
		CC678A6B1CE647DB00163F6F /* Resources */ = {
			isa = PBXResourcesBuildPhase;
			buildActionMask = 2147483647;
			files = (
				CC678A7B1CE647DC00163F6F /* LaunchScreen.storyboard in Resources */,
				CC678A781CE647DC00163F6F /* Assets.xcassets in Resources */,
				CC678A761CE647DC00163F6F /* Main.storyboard in Resources */,
			);
			runOnlyForDeploymentPostprocessing = 0;
		};
/* End PBXResourcesBuildPhase section */

/* Begin PBXSourcesBuildPhase section */
		CC678A691CE647DB00163F6F /* Sources */ = {
			isa = PBXSourcesBuildPhase;
			buildActionMask = 2147483647;
			files = (
				CC9886F51CEA240C006A3DD9 /* PopoverLocationViewController.swift in Sources */,
				CC678A731CE647DC00163F6F /* CarLocationViewController.swift in Sources */,
				CC678A711CE647DC00163F6F /* AppDelegate.swift in Sources */,
			);
			runOnlyForDeploymentPostprocessing = 0;
		};
/* End PBXSourcesBuildPhase section */

/* Begin PBXVariantGroup section */
		CC678A741CE647DC00163F6F /* Main.storyboard */ = {
			isa = PBXVariantGroup;
			children = (
				CC678A751CE647DC00163F6F /* Base */,
			);
			name = Main.storyboard;
			sourceTree = "<group>";
		};
		CC678A791CE647DC00163F6F /* LaunchScreen.storyboard */ = {
			isa = PBXVariantGroup;
			children = (
				CC678A7A1CE647DC00163F6F /* Base */,
			);
			name = LaunchScreen.storyboard;
			sourceTree = "<group>";
		};
/* End PBXVariantGroup section */

/* Begin XCBuildConfiguration section */
		CC678A7D1CE647DC00163F6F /* Debug */ = {
			isa = XCBuildConfiguration;
			buildSettings = {
				ALWAYS_SEARCH_USER_PATHS = NO;
				CLANG_ANALYZER_NONNULL = YES;
				CLANG_CXX_LANGUAGE_STANDARD = "gnu++0x";
				CLANG_CXX_LIBRARY = "libc++";
				CLANG_ENABLE_MODULES = YES;
				CLANG_ENABLE_OBJC_ARC = YES;
				CLANG_WARN_BOOL_CONVERSION = YES;
				CLANG_WARN_CONSTANT_CONVERSION = YES;
				CLANG_WARN_DIRECT_OBJC_ISA_USAGE = YES_ERROR;
				CLANG_WARN_EMPTY_BODY = YES;
				CLANG_WARN_ENUM_CONVERSION = YES;
				CLANG_WARN_INT_CONVERSION = YES;
				CLANG_WARN_OBJC_ROOT_CLASS = YES_ERROR;
				CLANG_WARN_UNREACHABLE_CODE = YES;
				CLANG_WARN__DUPLICATE_METHOD_MATCH = YES;
				"CODE_SIGN_IDENTITY[sdk=iphoneos*]" = "iPhone Developer";
				COPY_PHASE_STRIP = NO;
				DEBUG_INFORMATION_FORMAT = dwarf;
				ENABLE_STRICT_OBJC_MSGSEND = YES;
				ENABLE_TESTABILITY = YES;
				GCC_C_LANGUAGE_STANDARD = gnu99;
				GCC_DYNAMIC_NO_PIC = NO;
				GCC_NO_COMMON_BLOCKS = YES;
				GCC_OPTIMIZATION_LEVEL = 0;
				GCC_PREPROCESSOR_DEFINITIONS = (
					"DEBUG=1",
					"$(inherited)",
				);
				GCC_WARN_64_TO_32_BIT_CONVERSION = YES;
				GCC_WARN_ABOUT_RETURN_TYPE = YES_ERROR;
				GCC_WARN_UNDECLARED_SELECTOR = YES;
				GCC_WARN_UNINITIALIZED_AUTOS = YES_AGGRESSIVE;
				GCC_WARN_UNUSED_FUNCTION = YES;
				GCC_WARN_UNUSED_VARIABLE = YES;
				IPHONEOS_DEPLOYMENT_TARGET = 9.3;
				MTL_ENABLE_DEBUG_INFO = YES;
				ONLY_ACTIVE_ARCH = YES;
				SDKROOT = iphoneos;
				SWIFT_OPTIMIZATION_LEVEL = "-Onone";
				TARGETED_DEVICE_FAMILY = "1,2";
			};
			name = Debug;
		};
		CC678A7E1CE647DC00163F6F /* Release */ = {
			isa = XCBuildConfiguration;
			buildSettings = {
				ALWAYS_SEARCH_USER_PATHS = NO;
				CLANG_ANALYZER_NONNULL = YES;
				CLANG_CXX_LANGUAGE_STANDARD = "gnu++0x";
				CLANG_CXX_LIBRARY = "libc++";
				CLANG_ENABLE_MODULES = YES;
				CLANG_ENABLE_OBJC_ARC = YES;
				CLANG_WARN_BOOL_CONVERSION = YES;
				CLANG_WARN_CONSTANT_CONVERSION = YES;
				CLANG_WARN_DIRECT_OBJC_ISA_USAGE = YES_ERROR;
				CLANG_WARN_EMPTY_BODY = YES;
				CLANG_WARN_ENUM_CONVERSION = YES;
				CLANG_WARN_INT_CONVERSION = YES;
				CLANG_WARN_OBJC_ROOT_CLASS = YES_ERROR;
				CLANG_WARN_UNREACHABLE_CODE = YES;
				CLANG_WARN__DUPLICATE_METHOD_MATCH = YES;
				"CODE_SIGN_IDENTITY[sdk=iphoneos*]" = "iPhone Developer";
				COPY_PHASE_STRIP = NO;
				DEBUG_INFORMATION_FORMAT = "dwarf-with-dsym";
				ENABLE_NS_ASSERTIONS = NO;
				ENABLE_STRICT_OBJC_MSGSEND = YES;
				GCC_C_LANGUAGE_STANDARD = gnu99;
				GCC_NO_COMMON_BLOCKS = YES;
				GCC_WARN_64_TO_32_BIT_CONVERSION = YES;
				GCC_WARN_ABOUT_RETURN_TYPE = YES_ERROR;
				GCC_WARN_UNDECLARED_SELECTOR = YES;
				GCC_WARN_UNINITIALIZED_AUTOS = YES_AGGRESSIVE;
				GCC_WARN_UNUSED_FUNCTION = YES;
				GCC_WARN_UNUSED_VARIABLE = YES;
				IPHONEOS_DEPLOYMENT_TARGET = 9.3;
				MTL_ENABLE_DEBUG_INFO = NO;
				SDKROOT = iphoneos;
				TARGETED_DEVICE_FAMILY = "1,2";
				VALIDATE_PRODUCT = YES;
			};
			name = Release;
		};
		CC678A801CE647DC00163F6F /* Debug */ = {
			isa = XCBuildConfiguration;
			buildSettings = {
				ASSETCATALOG_COMPILER_APPICON_NAME = AppIcon;
				INFOPLIST_FILE = DudeWheresMyCar/Info.plist;
				LD_RUNPATH_SEARCH_PATHS = "$(inherited) @executable_path/Frameworks";
				PRODUCT_BUNDLE_IDENTIFIER = "Steve-Graff.DudeWheresMyCar";
				PRODUCT_NAME = "$(TARGET_NAME)";
			};
			name = Debug;
		};
		CC678A811CE647DC00163F6F /* Release */ = {
			isa = XCBuildConfiguration;
			buildSettings = {
				ASSETCATALOG_COMPILER_APPICON_NAME = AppIcon;
				INFOPLIST_FILE = DudeWheresMyCar/Info.plist;
				LD_RUNPATH_SEARCH_PATHS = "$(inherited) @executable_path/Frameworks";
				PRODUCT_BUNDLE_IDENTIFIER = "Steve-Graff.DudeWheresMyCar";
				PRODUCT_NAME = "$(TARGET_NAME)";
			};
			name = Release;
		};
/* End XCBuildConfiguration section */

/* Begin XCConfigurationList section */
		CC678A681CE647DB00163F6F /* Build configuration list for PBXProject "DudeWheresMyCar" */ = {
			isa = XCConfigurationList;
			buildConfigurations = (
				CC678A7D1CE647DC00163F6F /* Debug */,
				CC678A7E1CE647DC00163F6F /* Release */,
			);
			defaultConfigurationIsVisible = 0;
			defaultConfigurationName = Release;
		};
		CC678A7F1CE647DC00163F6F /* Build configuration list for PBXNativeTarget "DudeWheresMyCar" */ = {
			isa = XCConfigurationList;
			buildConfigurations = (
				CC678A801CE647DC00163F6F /* Debug */,
				CC678A811CE647DC00163F6F /* Release */,
			);
			defaultConfigurationIsVisible = 0;
			defaultConfigurationName = Release;
		};
/* End XCConfigurationList section */
	};
	rootObject = CC678A651CE647DB00163F6F /* Project object */;
}
