// !$*UTF8*$!
{
	archiveVersion = 1;
	classes = {
	};
	objectVersion = 46;
	objects = {

/* Begin PBXBuildFile section */
		CCB750911CCE647D008D06B5 /* main.m in Sources */ = {isa = PBXBuildFile; fileRef = CCB750901CCE647D008D06B5 /* main.m */; };
		CCB750941CCE647D008D06B5 /* AppDelegate.m in Sources */ = {isa = PBXBuildFile; fileRef = CCB750931CCE647D008D06B5 /* AppDelegate.m */; };
		CCB750971CCE647D008D06B5 /* MasterViewController.m in Sources */ = {isa = PBXBuildFile; fileRef = CCB750961CCE647D008D06B5 /* MasterViewController.m */; };
		CCB7509A1CCE647D008D06B5 /* DetailViewController.m in Sources */ = {isa = PBXBuildFile; fileRef = CCB750991CCE647D008D06B5 /* DetailViewController.m */; };
		CCB7509D1CCE647D008D06B5 /* Main.storyboard in Resources */ = {isa = PBXBuildFile; fileRef = CCB7509B1CCE647D008D06B5 /* Main.storyboard */; };
		CCB7509F1CCE647D008D06B5 /* Assets.xcassets in Resources */ = {isa = PBXBuildFile; fileRef = CCB7509E1CCE647D008D06B5 /* Assets.xcassets */; };
		CCB750A21CCE647D008D06B5 /* LaunchScreen.storyboard in Resources */ = {isa = PBXBuildFile; fileRef = CCB750A01CCE647D008D06B5 /* LaunchScreen.storyboard */; };
		CCB750AB1CCE887E008D06B5 /* Friend.m in Sources */ = {isa = PBXBuildFile; fileRef = CCB750AA1CCE887E008D06B5 /* Friend.m */; };
/* End PBXBuildFile section */

/* Begin PBXFileReference section */
		CCB7508C1CCE647D008D06B5 /* githubFriendsNew.app */ = {isa = PBXFileReference; explicitFileType = wrapper.application; includeInIndex = 0; path = githubFriendsNew.app; sourceTree = BUILT_PRODUCTS_DIR; };
		CCB750901CCE647D008D06B5 /* main.m */ = {isa = PBXFileReference; lastKnownFileType = sourcecode.c.objc; path = main.m; sourceTree = "<group>"; };
		CCB750921CCE647D008D06B5 /* AppDelegate.h */ = {isa = PBXFileReference; lastKnownFileType = sourcecode.c.h; path = AppDelegate.h; sourceTree = "<group>"; };
		CCB750931CCE647D008D06B5 /* AppDelegate.m */ = {isa = PBXFileReference; lastKnownFileType = sourcecode.c.objc; path = AppDelegate.m; sourceTree = "<group>"; };
		CCB750951CCE647D008D06B5 /* MasterViewController.h */ = {isa = PBXFileReference; lastKnownFileType = sourcecode.c.h; path = MasterViewController.h; sourceTree = "<group>"; };
		CCB750961CCE647D008D06B5 /* MasterViewController.m */ = {isa = PBXFileReference; lastKnownFileType = sourcecode.c.objc; path = MasterViewController.m; sourceTree = "<group>"; };
		CCB750981CCE647D008D06B5 /* DetailViewController.h */ = {isa = PBXFileReference; lastKnownFileType = sourcecode.c.h; path = DetailViewController.h; sourceTree = "<group>"; };
		CCB750991CCE647D008D06B5 /* DetailViewController.m */ = {isa = PBXFileReference; lastKnownFileType = sourcecode.c.objc; path = DetailViewController.m; sourceTree = "<group>"; };
		CCB7509C1CCE647D008D06B5 /* Base */ = {isa = PBXFileReference; lastKnownFileType = file.storyboard; name = Base; path = Base.lproj/Main.storyboard; sourceTree = "<group>"; };
		CCB7509E1CCE647D008D06B5 /* Assets.xcassets */ = {isa = PBXFileReference; lastKnownFileType = folder.assetcatalog; path = Assets.xcassets; sourceTree = "<group>"; };
		CCB750A11CCE647D008D06B5 /* Base */ = {isa = PBXFileReference; lastKnownFileType = file.storyboard; name = Base; path = Base.lproj/LaunchScreen.storyboard; sourceTree = "<group>"; };
		CCB750A31CCE647D008D06B5 /* Info.plist */ = {isa = PBXFileReference; lastKnownFileType = text.plist.xml; path = Info.plist; sourceTree = "<group>"; };
		CCB750A91CCE887E008D06B5 /* Friend.h */ = {isa = PBXFileReference; fileEncoding = 4; lastKnownFileType = sourcecode.c.h; path = Friend.h; sourceTree = "<group>"; };
		CCB750AA1CCE887E008D06B5 /* Friend.m */ = {isa = PBXFileReference; fileEncoding = 4; lastKnownFileType = sourcecode.c.objc; path = Friend.m; sourceTree = "<group>"; };
/* End PBXFileReference section */

/* Begin PBXFrameworksBuildPhase section */
		CCB750891CCE647D008D06B5 /* Frameworks */ = {
			isa = PBXFrameworksBuildPhase;
			buildActionMask = 2147483647;
			files = (
			);
			runOnlyForDeploymentPostprocessing = 0;
		};
/* End PBXFrameworksBuildPhase section */

/* Begin PBXGroup section */
		CCB750831CCE647D008D06B5 = {
			isa = PBXGroup;
			children = (
				CCB7508E1CCE647D008D06B5 /* githubFriendsNew */,
				CCB7508D1CCE647D008D06B5 /* Products */,
			);
			sourceTree = "<group>";
		};
		CCB7508D1CCE647D008D06B5 /* Products */ = {
			isa = PBXGroup;
			children = (
				CCB7508C1CCE647D008D06B5 /* githubFriendsNew.app */,
			);
			name = Products;
			sourceTree = "<group>";
		};
		CCB7508E1CCE647D008D06B5 /* githubFriendsNew */ = {
			isa = PBXGroup;
			children = (
				CCB750921CCE647D008D06B5 /* AppDelegate.h */,
				CCB750931CCE647D008D06B5 /* AppDelegate.m */,
				CCB750951CCE647D008D06B5 /* MasterViewController.h */,
				CCB750961CCE647D008D06B5 /* MasterViewController.m */,
				CCB750981CCE647D008D06B5 /* DetailViewController.h */,
				CCB750991CCE647D008D06B5 /* DetailViewController.m */,
				CCB750A91CCE887E008D06B5 /* Friend.h */,
				CCB750AA1CCE887E008D06B5 /* Friend.m */,
				CCB7509B1CCE647D008D06B5 /* Main.storyboard */,
				CCB7509E1CCE647D008D06B5 /* Assets.xcassets */,
				CCB750A01CCE647D008D06B5 /* LaunchScreen.storyboard */,
				CCB750A31CCE647D008D06B5 /* Info.plist */,
				CCB7508F1CCE647D008D06B5 /* Supporting Files */,
			);
			path = githubFriendsNew;
			sourceTree = "<group>";
		};
		CCB7508F1CCE647D008D06B5 /* Supporting Files */ = {
			isa = PBXGroup;
			children = (
				CCB750901CCE647D008D06B5 /* main.m */,
			);
			name = "Supporting Files";
			sourceTree = "<group>";
		};
/* End PBXGroup section */

/* Begin PBXNativeTarget section */
		CCB7508B1CCE647D008D06B5 /* githubFriendsNew */ = {
			isa = PBXNativeTarget;
			buildConfigurationList = CCB750A61CCE647D008D06B5 /* Build configuration list for PBXNativeTarget "githubFriendsNew" */;
			buildPhases = (
				CCB750881CCE647D008D06B5 /* Sources */,
				CCB750891CCE647D008D06B5 /* Frameworks */,
				CCB7508A1CCE647D008D06B5 /* Resources */,
			);
			buildRules = (
			);
			dependencies = (
			);
			name = githubFriendsNew;
			productName = githubFriendsNew;
			productReference = CCB7508C1CCE647D008D06B5 /* githubFriendsNew.app */;
			productType = "com.apple.product-type.application";
		};
/* End PBXNativeTarget section */

/* Begin PBXProject section */
		CCB750841CCE647D008D06B5 /* Project object */ = {
			isa = PBXProject;
			attributes = {
				LastUpgradeCheck = 0730;
				ORGANIZATIONNAME = "Steve Graff";
				TargetAttributes = {
					CCB7508B1CCE647D008D06B5 = {
						CreatedOnToolsVersion = 7.3;
						DevelopmentTeam = U974956332;
					};
				};
			};
			buildConfigurationList = CCB750871CCE647D008D06B5 /* Build configuration list for PBXProject "githubFriendsNew" */;
			compatibilityVersion = "Xcode 3.2";
			developmentRegion = English;
			hasScannedForEncodings = 0;
			knownRegions = (
				en,
				Base,
			);
			mainGroup = CCB750831CCE647D008D06B5;
			productRefGroup = CCB7508D1CCE647D008D06B5 /* Products */;
			projectDirPath = "";
			projectRoot = "";
			targets = (
				CCB7508B1CCE647D008D06B5 /* githubFriendsNew */,
			);
		};
/* End PBXProject section */

/* Begin PBXResourcesBuildPhase section */
		CCB7508A1CCE647D008D06B5 /* Resources */ = {
			isa = PBXResourcesBuildPhase;
			buildActionMask = 2147483647;
			files = (
				CCB750A21CCE647D008D06B5 /* LaunchScreen.storyboard in Resources */,
				CCB7509F1CCE647D008D06B5 /* Assets.xcassets in Resources */,
				CCB7509D1CCE647D008D06B5 /* Main.storyboard in Resources */,
			);
			runOnlyForDeploymentPostprocessing = 0;
		};
/* End PBXResourcesBuildPhase section */

/* Begin PBXSourcesBuildPhase section */
		CCB750881CCE647D008D06B5 /* Sources */ = {
			isa = PBXSourcesBuildPhase;
			buildActionMask = 2147483647;
			files = (
				CCB750941CCE647D008D06B5 /* AppDelegate.m in Sources */,
				CCB750AB1CCE887E008D06B5 /* Friend.m in Sources */,
				CCB750971CCE647D008D06B5 /* MasterViewController.m in Sources */,
				CCB750911CCE647D008D06B5 /* main.m in Sources */,
				CCB7509A1CCE647D008D06B5 /* DetailViewController.m in Sources */,
			);
			runOnlyForDeploymentPostprocessing = 0;
		};
/* End PBXSourcesBuildPhase section */

/* Begin PBXVariantGroup section */
		CCB7509B1CCE647D008D06B5 /* Main.storyboard */ = {
			isa = PBXVariantGroup;
			children = (
				CCB7509C1CCE647D008D06B5 /* Base */,
			);
			name = Main.storyboard;
			sourceTree = "<group>";
		};
		CCB750A01CCE647D008D06B5 /* LaunchScreen.storyboard */ = {
			isa = PBXVariantGroup;
			children = (
				CCB750A11CCE647D008D06B5 /* Base */,
			);
			name = LaunchScreen.storyboard;
			sourceTree = "<group>";
		};
/* End PBXVariantGroup section */

/* Begin XCBuildConfiguration section */
		CCB750A41CCE647D008D06B5 /* Debug */ = {
			isa = XCBuildConfiguration;
			buildSettings = {
				ALWAYS_SEARCH_USER_PATHS = NO;
				CLANG_ANALYZER_NONNULL = YES;
				CLANG_CXX_LANGUAGE_STANDARD = "gnu++0x";
				CLANG_CXX_LIBRARY = "libc++";
				CLANG_ENABLE_MODULES = YES;
				CLANG_ENABLE_OBJC_ARC = YES;
				CLANG_WARN_BOOL_CONVERSION = YES;
				CLANG_WARN_CONSTANT_CONVERSION = YES;
				CLANG_WARN_DIRECT_OBJC_ISA_USAGE = YES_ERROR;
				CLANG_WARN_EMPTY_BODY = YES;
				CLANG_WARN_ENUM_CONVERSION = YES;
				CLANG_WARN_INT_CONVERSION = YES;
				CLANG_WARN_OBJC_ROOT_CLASS = YES_ERROR;
				CLANG_WARN_UNREACHABLE_CODE = YES;
				CLANG_WARN__DUPLICATE_METHOD_MATCH = YES;
				"CODE_SIGN_IDENTITY[sdk=iphoneos*]" = "iPhone Developer";
				COPY_PHASE_STRIP = NO;
				DEBUG_INFORMATION_FORMAT = dwarf;
				ENABLE_STRICT_OBJC_MSGSEND = YES;
				ENABLE_TESTABILITY = YES;
				GCC_C_LANGUAGE_STANDARD = gnu99;
				GCC_DYNAMIC_NO_PIC = NO;
				GCC_NO_COMMON_BLOCKS = YES;
				GCC_OPTIMIZATION_LEVEL = 0;
				GCC_PREPROCESSOR_DEFINITIONS = (
					"DEBUG=1",
					"$(inherited)",
				);
				GCC_WARN_64_TO_32_BIT_CONVERSION = YES;
				GCC_WARN_ABOUT_RETURN_TYPE = YES_ERROR;
				GCC_WARN_UNDECLARED_SELECTOR = YES;
				GCC_WARN_UNINITIALIZED_AUTOS = YES_AGGRESSIVE;
				GCC_WARN_UNUSED_FUNCTION = YES;
				GCC_WARN_UNUSED_VARIABLE = YES;
				IPHONEOS_DEPLOYMENT_TARGET = 9.3;
				MTL_ENABLE_DEBUG_INFO = YES;
				ONLY_ACTIVE_ARCH = YES;
				SDKROOT = iphoneos;
				TARGETED_DEVICE_FAMILY = "1,2";
			};
			name = Debug;
		};
		CCB750A51CCE647D008D06B5 /* Release */ = {
			isa = XCBuildConfiguration;
			buildSettings = {
				ALWAYS_SEARCH_USER_PATHS = NO;
				CLANG_ANALYZER_NONNULL = YES;
				CLANG_CXX_LANGUAGE_STANDARD = "gnu++0x";
				CLANG_CXX_LIBRARY = "libc++";
				CLANG_ENABLE_MODULES = YES;
				CLANG_ENABLE_OBJC_ARC = YES;
				CLANG_WARN_BOOL_CONVERSION = YES;
				CLANG_WARN_CONSTANT_CONVERSION = YES;
				CLANG_WARN_DIRECT_OBJC_ISA_USAGE = YES_ERROR;
				CLANG_WARN_EMPTY_BODY = YES;
				CLANG_WARN_ENUM_CONVERSION = YES;
				CLANG_WARN_INT_CONVERSION = YES;
				CLANG_WARN_OBJC_ROOT_CLASS = YES_ERROR;
				CLANG_WARN_UNREACHABLE_CODE = YES;
				CLANG_WARN__DUPLICATE_METHOD_MATCH = YES;
				"CODE_SIGN_IDENTITY[sdk=iphoneos*]" = "iPhone Developer";
				COPY_PHASE_STRIP = NO;
				DEBUG_INFORMATION_FORMAT = "dwarf-with-dsym";
				ENABLE_NS_ASSERTIONS = NO;
				ENABLE_STRICT_OBJC_MSGSEND = YES;
				GCC_C_LANGUAGE_STANDARD = gnu99;
				GCC_NO_COMMON_BLOCKS = YES;
				GCC_WARN_64_TO_32_BIT_CONVERSION = YES;
				GCC_WARN_ABOUT_RETURN_TYPE = YES_ERROR;
				GCC_WARN_UNDECLARED_SELECTOR = YES;
				GCC_WARN_UNINITIALIZED_AUTOS = YES_AGGRESSIVE;
				GCC_WARN_UNUSED_FUNCTION = YES;
				GCC_WARN_UNUSED_VARIABLE = YES;
				IPHONEOS_DEPLOYMENT_TARGET = 9.3;
				MTL_ENABLE_DEBUG_INFO = NO;
				SDKROOT = iphoneos;
				TARGETED_DEVICE_FAMILY = "1,2";
				VALIDATE_PRODUCT = YES;
			};
			name = Release;
		};
		CCB750A71CCE647D008D06B5 /* Debug */ = {
			isa = XCBuildConfiguration;
			buildSettings = {
				ASSETCATALOG_COMPILER_APPICON_NAME = AppIcon;
				INFOPLIST_FILE = githubFriendsNew/Info.plist;
				LD_RUNPATH_SEARCH_PATHS = "$(inherited) @executable_path/Frameworks";
				PRODUCT_BUNDLE_IDENTIFIER = "Steve-Graff.githubFriendsNew";
				PRODUCT_NAME = "$(TARGET_NAME)";
			};
			name = Debug;
		};
		CCB750A81CCE647D008D06B5 /* Release */ = {
			isa = XCBuildConfiguration;
			buildSettings = {
				ASSETCATALOG_COMPILER_APPICON_NAME = AppIcon;
				INFOPLIST_FILE = githubFriendsNew/Info.plist;
				LD_RUNPATH_SEARCH_PATHS = "$(inherited) @executable_path/Frameworks";
				PRODUCT_BUNDLE_IDENTIFIER = "Steve-Graff.githubFriendsNew";
				PRODUCT_NAME = "$(TARGET_NAME)";
			};
			name = Release;
		};
/* End XCBuildConfiguration section */

/* Begin XCConfigurationList section */
		CCB750871CCE647D008D06B5 /* Build configuration list for PBXProject "githubFriendsNew" */ = {
			isa = XCConfigurationList;
			buildConfigurations = (
				CCB750A41CCE647D008D06B5 /* Debug */,
				CCB750A51CCE647D008D06B5 /* Release */,
			);
			defaultConfigurationIsVisible = 0;
			defaultConfigurationName = Release;
		};
		CCB750A61CCE647D008D06B5 /* Build configuration list for PBXNativeTarget "githubFriendsNew" */ = {
			isa = XCConfigurationList;
			buildConfigurations = (
				CCB750A71CCE647D008D06B5 /* Debug */,
				CCB750A81CCE647D008D06B5 /* Release */,
			);
			defaultConfigurationIsVisible = 0;
		};
/* End XCConfigurationList section */
	};
	rootObject = CCB750841CCE647D008D06B5 /* Project object */;
}
